<?xml version="1.0" encoding="utf-8"?>
<Project ToolsVersion="4.0" xmlns="http://schemas.microsoft.com/developer/msbuild/2003">
  <ItemGroup>
    <ClCompile Include="..\src\guids\guids.cpp" />
    <ClCompile Include="..\src\AGC\AGCGuid.c">
      <Filter>toremove</Filter>
    </ClCompile>
  </ItemGroup>
  <ItemGroup>
    <ClInclude Include="..\src\guids\guids.h" />
  </ItemGroup>
  <ItemGroup>
    <Midl Include="..\src\AGC\AGC.idl">
      <Filter>toremove</Filter>
    </Midl>
    <Midl Include="..\src\Inc\AGCIDL.idl">
      <Filter>toremove</Filter>
    </Midl>
  </ItemGroup>
  <ItemGroup>
    <Filter Include="toremove">
      <UniqueIdentifier>{4781c76f-cde6-41c7-b6eb-d636207b1516}</UniqueIdentifier>
    </Filter>
  </ItemGroup>
  <ItemGroup>
    <CustomBuild Include="..\src\AGC\AGCEventsIDL.xsl">
      <Filter>toremove</Filter>
    </CustomBuild>
  </ItemGroup>
</Project>