<?xml version="1.0" encoding="utf-8"?>
<Project ToolsVersion="4.0" xmlns="http://schemas.microsoft.com/developer/msbuild/2003">
  <ItemGroup>
    <Filter Include="Source Files">
      <UniqueIdentifier>{4FC737F1-C7A5-4376-A066-2A32D752A2FF}</UniqueIdentifier>
      <Extensions>cpp;c;cc;cxx;def;odl;idl;hpj;bat;asm;asmx</Extensions>
    </Filter>
    <Filter Include="Header Files">
      <UniqueIdentifier>{93995380-89BD-4b04-88EB-625FBE52EBFB}</UniqueIdentifier>
      <Extensions>h;hh;hpp;hxx;hm;inl;inc;ipp;xsd</Extensions>
    </Filter>
    <Filter Include="Resource Files">
      <UniqueIdentifier>{67DA6AB6-F800-4c08-8B7A-83BB121AAD01}</UniqueIdentifier>
      <Extensions>rc;ico;cur;bmp;dlg;rc2;rct;bin;rgs;gif;jpg;jpeg;jpe;resx;tiff;tif;png;wav;mfcribbon-ms</Extensions>
    </Filter>
    <Filter Include="Wrappers">
      <UniqueIdentifier>{256b6a13-fae6-479f-9fa8-97fcb9993830}</UniqueIdentifier>
    </Filter>
  </ItemGroup>
  <ItemGroup>
    <ClInclude Include="AllegianceInterop.h">
      <Filter>Header Files</Filter>
    </ClInclude>
    <ClInclude Include="stdafx.h">
      <Filter>Header Files</Filter>
    </ClInclude>
    <ClInclude Include="Resource.h">
      <Filter>Header Files</Filter>
    </ClInclude>
    <ClInclude Include="ManagedObject.h">
      <Filter>Header Files</Filter>
    </ClInclude>
    <ClInclude Include="ISupportManagedByteArrays.h">
      <Filter>Header Files</Filter>
    </ClInclude>
    <ClInclude Include="ClientConnection.h">
      <Filter>Header Files</Filter>
    </ClInclude>
    <ClInclude Include="Enums.h">
      <Filter>Header Files</Filter>
    </ClInclude>
    <ClInclude Include="NativeClient.h">
      <Filter>Header Files</Filter>
    </ClInclude>
    <ClInclude Include="SimpleClient.h">
      <Filter>Header Files</Filter>
    </ClInclude>
    <ClInclude Include="IbaseIGC.h.Old">
      <Filter>Wrappers</Filter>
    </ClInclude>
    <ClInclude Include="ImissionIGC.h.Old">
      <Filter>Wrappers</Filter>
    </ClInclude>
    <ClInclude Include="IstaticIGC.h.Old">
      <Filter>Wrappers</Filter>
    </ClInclude>
    <ClInclude Include="igcWrapper.hOld">
      <Filter>Wrappers</Filter>
    </ClInclude>
    <ClInclude Include="igcWrapper.h">
      <Filter>Header Files</Filter>
    </ClInclude>
    <ClInclude Include="NativeClientThingSite.h">
      <Filter>Header Files</Filter>
    </ClInclude>
    <ClInclude Include="NativeClientClusterSite.h">
      <Filter>Header Files</Filter>
    </ClInclude>
    <ClInclude Include="clintlibWrapper.h">
      <Filter>Header Files</Filter>
    </ClInclude>
    <ClInclude Include="AllMessages.h">
      <Filter>Header Files</Filter>
    </ClInclude>
    <ClInclude Include="CriticalSectionManager.h">
      <Filter>Header Files</Filter>
    </ClInclude>
    <ClInclude Include="MessageTypeNative.h">
      <Filter>Header Files</Filter>
    </ClInclude>
  </ItemGroup>
  <ItemGroup>
    <ClCompile Include="AllegianceInterop.cpp">
      <Filter>Source Files</Filter>
    </ClCompile>
    <ClCompile Include="AssemblyInfo.cpp">
      <Filter>Source Files</Filter>
    </ClCompile>
    <ClCompile Include="stdafx.cpp">
      <Filter>Source Files</Filter>
    </ClCompile>
    <ClCompile Include="ManagedObject.cpp">
      <Filter>Source Files</Filter>
    </ClCompile>
    <ClCompile Include="ClientConnection.cpp">
      <Filter>Source Files</Filter>
    </ClCompile>
    <ClCompile Include="NativeClient.cpp">
      <Filter>Source Files</Filter>
    </ClCompile>
    <ClCompile Include="SimpleClient.cpp">
      <Filter>Source Files</Filter>
    </ClCompile>
    <ClCompile Include="igcWrapper.cpp">
      <Filter>Source Files</Filter>
    </ClCompile>
    <ClCompile Include="clintlibWrapper.cpp">
      <Filter>Source Files</Filter>
    </ClCompile>
    <ClCompile Include="CriticalSectionManager.cpp">
      <Filter>Source Files</Filter>
    </ClCompile>
  </ItemGroup>
  <ItemGroup>
    <ResourceCompile Include="app.rc">
      <Filter>Resource Files</Filter>
    </ResourceCompile>
  </ItemGroup>
  <ItemGroup>
    <Image Include="app.ico">
      <Filter>Resource Files</Filter>
    </Image>
  </ItemGroup>
</Project>