<?xml version="1.0" encoding="utf-8"?>
<Project ToolsVersion="4.0" xmlns="http://schemas.microsoft.com/developer/msbuild/2003">
  <ItemGroup>
    <Filter Include="AGCEvents">
      <UniqueIdentifier>{c418b326-43e0-4db5-ae2b-ccd3e9f466d2}</UniqueIdentifier>
    </Filter>
    <Filter Include="Resources">
      <UniqueIdentifier>{3eb377fb-79ac-402c-aadf-e552b63e29c3}</UniqueIdentifier>
    </Filter>
    <Filter Include="Resources\Registration scripts">
      <UniqueIdentifier>{6c185210-86ea-4065-855a-a65551cb449d}</UniqueIdentifier>
    </Filter>
  </ItemGroup>
  <ItemGroup>
    <None Include="..\src\AGC\AdminSessionHelper.rgs">
      <Filter>Resources\Registration scripts</Filter>
    </None>
    <None Include="..\src\AGC\AGC.def" />
    <None Include="..\src\AGC\AGC.rc2">
      <Filter>Resources</Filter>
    </None>
    <None Include="..\src\AGC\AGCAleph.rgs">
      <Filter>Resources\Registration scripts</Filter>
    </None>
    <None Include="..\src\AGC\AGCAlephs.rgs">
      <Filter>Resources\Registration scripts</Filter>
    </None>
    <None Include="..\src\AGC\AGCAsteroid.rgs">
      <Filter>Resources\Registration scripts</Filter>
    </None>
    <None Include="..\src\AGC\AGCAsteroids.rgs">
      <Filter>Resources\Registration scripts</Filter>
    </None>
    <None Include="..\src\AGC\AGCCommand.rgs">
      <Filter>Resources\Registration scripts</Filter>
    </None>
    <None Include="..\src\AGC\AGCDBParams.rgs">
      <Filter>Resources\Registration scripts</Filter>
    </None>
    <None Include="..\src\AGC\agcevent.rgs">
      <Filter>Resources\Registration scripts</Filter>
    </None>
    <None Include="..\src\AGC\AGCEventIDRange.rgs">
      <Filter>Resources\Registration scripts</Filter>
    </None>
    <None Include="..\src\AGC\AGCEventIDRanges.rgs">
      <Filter>Resources\Registration scripts</Filter>
    </None>
    <None Include="..\src\AGC\AGCEventLogger.rgs">
      <Filter>Resources\Registration scripts</Filter>
    </None>
    <None Include="..\src\AGC\AGCGame.rgs">
      <Filter>Resources\Registration scripts</Filter>
    </None>
    <None Include="..\src\AGC\AGCGameParameters.rgs">
      <Filter>Resources\Registration scripts</Filter>
    </None>
    <None Include="..\src\AGC\AGCGlobal.rgs">
      <Filter>Resources\Registration scripts</Filter>
    </None>
    <None Include="..\src\AGC\AGCHullType.rgs">
      <Filter>Resources\Registration scripts</Filter>
    </None>
    <None Include="..\src\AGC\AGCHullTypes.rgs">
      <Filter>Resources\Registration scripts</Filter>
    </None>
    <None Include="..\src\AGC\AGCModel.rgs">
      <Filter>Resources\Registration scripts</Filter>
    </None>
    <None Include="..\src\AGC\AGCModels.rgs">
      <Filter>Resources\Registration scripts</Filter>
    </None>
    <None Include="..\src\AGC\AGCOrientation.rgs">
      <Filter>Resources\Registration scripts</Filter>
    </None>
    <None Include="..\src\AGC\AGCProbe.rgs">
      <Filter>Resources\Registration scripts</Filter>
    </None>
    <None Include="..\src\AGC\AGCProbes.rgs">
      <Filter>Resources\Registration scripts</Filter>
    </None>
    <None Include="..\src\AGC\AGCSector.rgs">
      <Filter>Resources\Registration scripts</Filter>
    </None>
    <None Include="..\src\AGC\AGCSectors.rgs">
      <Filter>Resources\Registration scripts</Filter>
    </None>
    <None Include="..\src\AGC\AGCShip.rgs">
      <Filter>Resources\Registration scripts</Filter>
    </None>
    <None Include="..\src\AGC\AGCShips.rgs">
      <Filter>Resources\Registration scripts</Filter>
    </None>
    <None Include="..\src\AGC\AGCStation.rgs">
      <Filter>Resources\Registration scripts</Filter>
    </None>
    <None Include="..\src\AGC\AGCStations.rgs">
      <Filter>Resources\Registration scripts</Filter>
    </None>
    <None Include="..\src\AGC\AGCTeam.rgs">
      <Filter>Resources\Registration scripts</Filter>
    </None>
    <None Include="..\src\AGC\AGCTeams.rgs">
      <Filter>Resources\Registration scripts</Filter>
    </None>
    <None Include="..\src\AGC\AGCVector.rgs">
      <Filter>Resources\Registration scripts</Filter>
    </None>
    <None Include="..\src\AGC\AGCVersionInfo.rgs">
      <Filter>Resources\Registration scripts</Filter>
    </None>
    <None Include="..\src\AGC\EventBrowser.xsl">
      <Filter>AGCEvents</Filter>
    </None>
    <None Include="..\src\AGC\TCMarshalByValue.rgs">
      <Filter>Resources\Registration scripts</Filter>
    </None>
    <None Include="..\src\AGC\TCNullStream.rgs">
      <Filter>Resources\Registration scripts</Filter>
    </None>
    <None Include="..\src\AGC\TCStrings.rgs">
      <Filter>Resources\Registration scripts</Filter>
    </None>
    <None Include="..\src\AGC\TCUtility.rgs">
      <Filter>Resources\Registration scripts</Filter>
    </None>
    <None Include="..\src\AGC\XMLXForm.js">
      <Filter>AGCEvents</Filter>
    </None>
  </ItemGroup>
  <ItemGroup>
    <ClCompile Include="..\src\AGC\AdminSessionHelper.cpp" />
    <ClCompile Include="..\src\AGC\AGC.cpp" />
    <ClCompile Include="..\src\AGC\AGCAleph.cpp" />
    <ClCompile Include="..\src\AGC\AGCAlephs.cpp" />
    <ClCompile Include="..\src\AGC\AGCAsteroid.cpp" />
    <ClCompile Include="..\src\AGC\AGCAsteroids.cpp" />
    <ClCompile Include="..\src\AGC\AGCCommand.cpp" />
    <ClCompile Include="..\src\AGC\AGCDBParams.cpp" />
    <ClCompile Include="..\src\AGC\agcevent.cpp" />
    <ClCompile Include="..\src\AGC\AGCEventData.cpp" />
    <ClCompile Include="..\src\AGC\AGCEventDef.cpp" />
    <ClCompile Include="..\src\AGC\AGCEventIDRange.cpp" />
    <ClCompile Include="..\src\AGC\AGCEventIDRanges.cpp" />
    <ClCompile Include="..\src\AGC\AGCEventLogger.cpp" />
    <ClCompile Include="..\src\AGC\AGCGame.cpp" />
    <ClCompile Include="..\src\AGC\AGCGameParameters.cpp" />
    <ClCompile Include="..\src\AGC\AGCGlobal.cpp" />
    <ClCompile Include="..\src\AGC\AGCGuid.c" />
    <ClCompile Include="..\src\AGC\AGCHullType.cpp" />
    <ClCompile Include="..\src\AGC\AGCModel.cpp" />
    <ClCompile Include="..\src\AGC\AGCModels.cpp" />
    <ClCompile Include="..\src\AGC\AGCOrientation.cpp" />
    <ClCompile Include="..\src\AGC\AGCProbe.cpp" />
    <ClCompile Include="..\src\AGC\AGCProbes.cpp" />
    <ClCompile Include="..\src\AGC\AGCSector.cpp" />
    <ClCompile Include="..\src\AGC\AGCSectors.cpp" />
    <ClCompile Include="..\src\AGC\AGCShip.cpp" />
    <ClCompile Include="..\src\AGC\AGCShips.cpp" />
    <ClCompile Include="..\src\AGC\AGCStation.cpp" />
    <ClCompile Include="..\src\AGC\AGCStations.cpp" />
    <ClCompile Include="..\src\AGC\AGCTeam.cpp" />
    <ClCompile Include="..\src\AGC\AGCTeams.cpp" />
    <ClCompile Include="..\src\AGC\AGCVector.cpp" />
    <ClCompile Include="..\src\AGC\AGCVersionInfo.cpp" />
    <ClCompile Include="..\src\AGC\dlldatax.c" />
    <ClCompile Include="..\src\AGC\pch.cpp" />
    <ClCompile Include="..\src\AGC\TCMarshalByValue.cpp" />
    <ClCompile Include="..\src\AGC\TCNullStream.cpp" />
    <ClCompile Include="..\src\AGC\TCStrings.cpp" />
    <ClCompile Include="..\src\AGC\TCUtility.cpp" />
  </ItemGroup>
  <ItemGroup>
    <ResourceCompile Include="..\src\AGC\AGC.rc">
      <Filter>Resources</Filter>
    </ResourceCompile>
  </ItemGroup>
  <ItemGroup>
    <ClInclude Include="..\src\AGC\AdminSessionHelper.h" />
    <ClInclude Include="..\src\AGC\AGCAleph.h" />
    <ClInclude Include="..\src\AGC\AGCAlephs.h" />
    <ClInclude Include="..\src\AGC\AGCAsteroid.h" />
    <ClInclude Include="..\src\AGC\AGCAsteroids.h" />
    <ClInclude Include="..\src\AGC\AGCChat.h" />
    <ClInclude Include="..\src\AGC\AGCCommand.h" />
    <ClInclude Include="..\src\AGC\AGCCP.h" />
    <ClInclude Include="..\src\AGC\AGCDBParams.h" />
    <ClInclude Include="..\src\AGC\AGCDebugHook.h" />
    <ClInclude Include="..\src\AGC\agcevent.h" />
    <ClInclude Include="..\src\AGC\AGCEventData.h" />
    <ClInclude Include="..\src\AGC\AGCEventDef.h" />
    <ClInclude Include="..\src\AGC\AGCEventIDRange.h" />
    <ClInclude Include="..\src\AGC\AGCEventIDRanges.h" />
    <ClInclude Include="..\src\AGC\AGCEventLogger.h" />
    <ClInclude Include="..\src\AGC\AGCEventThread.h" />
    <ClInclude Include="..\src\AGC\AGCGame.h" />
    <ClInclude Include="..\src\AGC\AGCGameParameters.h" />
    <ClInclude Include="..\src\AGC\AGCGlobal.h" />
    <ClInclude Include="..\src\AGC\AGCHullType.h" />
    <ClInclude Include="..\src\AGC\AGCModel.h" />
    <ClInclude Include="..\src\AGC\AGCModels.h" />
    <ClInclude Include="..\src\AGC\AGCModule.h" />
    <ClInclude Include="..\src\AGC\AGCOrientation.h" />
    <ClInclude Include="..\src\AGC\AGCProbe.h" />
    <ClInclude Include="..\src\AGC\AGCProbes.h" />
    <ClInclude Include="..\src\AGC\AGCSector.h" />
    <ClInclude Include="..\src\AGC\AGCSectors.h" />
    <ClInclude Include="..\src\AGC\AGCShip.h" />
    <ClInclude Include="..\src\AGC\AGCShips.h" />
    <ClInclude Include="..\src\AGC\AGCSite.h" />
    <ClInclude Include="..\src\AGC\AGCStation.h" />
    <ClInclude Include="..\src\AGC\AGCStations.h" />
    <ClInclude Include="..\src\AGC\AGCTeam.h" />
    <ClInclude Include="..\src\AGC\AGCTeams.h" />
    <ClInclude Include="..\src\AGC\AGCUtil.h" />
    <ClInclude Include="..\src\AGC\AGCVector.h" />
    <ClInclude Include="..\src\AGC\AGCVersionInfo.h" />
    <ClInclude Include="..\src\AGC\AGCWinApp.h" />
    <ClInclude Include="..\src\AGC\dlldatax.h" />
    <ClInclude Include="..\src\AGC\gameparamdata.h" />
    <ClInclude Include="..\src\AGC\IAGCAlephImpl.h" />
    <ClInclude Include="..\src\AGC\IAGCAsteroidImpl.h" />
    <ClInclude Include="..\src\AGC\IAGCBaseImpl.h" />
    <ClInclude Include="..\src\AGC\IAGCBuyableImpl.h" />
    <ClInclude Include="..\src\AGC\IAGCCollectionImpl.h" />
    <ClInclude Include="..\src\AGC\IAGCCommonImpl.h" />
    <ClInclude Include="..\src\AGC\IAGCDamageImpl.h" />
    <ClInclude Include="..\src\AGC\IAGCGameImpl.h" />
    <ClInclude Include="..\src\AGC\IAGCModelImpl.h" />
    <ClInclude Include="..\src\AGC\IAGCProbeImpl.h" />
    <ClInclude Include="..\src\AGC\IAGCRangeImpl.h" />
    <ClInclude Include="..\src\AGC\IAGCRangesImpl.h" />
    <ClInclude Include="..\src\AGC\IAGCScannerImpl.h" />
    <ClInclude Include="..\src\AGC\IAGCSectorImpl.h" />
    <ClInclude Include="..\src\AGC\IAGCShipImpl.h" />
    <ClInclude Include="..\src\AGC\IAGCStationImpl.h" />
    <ClInclude Include="..\src\AGC\IAGCTeamImpl.h" />
    <ClInclude Include="..\src\AGC\pch.h" />
    <ClInclude Include="..\src\AGC\resource.h" />
    <ClInclude Include="..\src\AGC\TCMarshalByValue.h" />
    <ClInclude Include="..\src\AGC\TCNullStream.h" />
    <ClInclude Include="..\src\AGC\TCStrings.h" />
    <ClInclude Include="..\src\AGC\TCUtility.h" />
  </ItemGroup>
  <ItemGroup>
    <Midl Include="..\src\AGC\agc.idl" />
    <Midl Include="..\src\Inc\AGCIDL.idl" />
  </ItemGroup>
  <ItemGroup>
    <CustomBuild Include="..\src\AGC\AGCEvents.xml" />
    <CustomBuild Include="..\src\AGC\AGCEventsCPP.xsl" />
    <CustomBuild Include="..\src\AGC\AGCEventsIDL.xsl" />
    <CustomBuild Include="..\src\AGC\AGCEventsMC.xsl" />
    <CustomBuild Include="..\src\AGC\AGCEventsRC2.xsl" />
    <CustomBuild Include="..\src\AGC\AGCEventsRCH.xsl" />
  </ItemGroup>
</Project>