<?xml version="1.0" encoding="utf-8"?>
<Project ToolsVersion="4.0" xmlns="http://schemas.microsoft.com/developer/msbuild/2003">
  <ItemGroup>
    <Filter Include="Resources">
      <UniqueIdentifier>{61878baf-cb9d-49f1-aa02-864f5aecb8f2}</UniqueIdentifier>
    </Filter>
  </ItemGroup>
  <ItemGroup>
    <ResourceCompile Include="..\Lang\Usa\allegiance\allegiance.rc">
      <Filter>Resources</Filter>
    </ResourceCompile>
  </ItemGroup>
  <ItemGroup>
    <ClCompile Include="cdkeydialog.cpp" />
    <ClCompile Include="CharInfoScreen.cpp" />
    <ClCompile Include="chatpane.cpp" />
    <ClCompile Include="cmdview.cpp" />
    <ClCompile Include="console.cpp" />
    <ClCompile Include="consoledata.cpp" />
    <ClCompile Include="DeviceModesDX9.cpp" />
    <ClCompile Include="gameoverscreen.cpp" />
    <ClCompile Include="gamescreen.cpp" />
    <ClCompile Include="gamesite.cpp" />
    <ClCompile Include="gamestartingscreen.cpp" />
    <ClCompile Include="gametypes.cpp" />
    <ClCompile Include="hangarscreen.cpp" />
    <ClCompile Include="indicator.cpp" />
    <ClCompile Include="introscreen.cpp" />
    <ClCompile Include="inventoryimage.cpp" />
    <ClCompile Include="leaderboardscreen.cpp" />
    <ClCompile Include="load.cpp" />
    <ClCompile Include="loadout.cpp" />
    <ClCompile Include="logon.cpp" />
    <ClCompile Include="mappreview.cpp" />
    <ClCompile Include="mappvmaker.cpp" />
    <ClCompile Include="netinfo.cpp" />
    <ClCompile Include="newgamescreen.cpp" />
    <ClCompile Include="offline.cpp" />
    <ClCompile Include="passworddialog.cpp" />
    <ClCompile Include="pch.cpp" />
    <ClCompile Include="PostTrainingSlideshow.cpp" />
    <ClCompile Include="radarimage.cpp" />
    <ClCompile Include="sectormap.cpp" />
    <ClCompile Include="selpane.cpp" />
    <ClCompile Include="Slideshow.cpp" />
    <ClCompile Include="soundinit.cpp" />
    <ClCompile Include="splashscreen.cpp" />
    <ClCompile Include="SquadsScreen.cpp" />
    <ClCompile Include="teampane.cpp" />
    <ClCompile Include="teamscreen.cpp" />
    <ClCompile Include="teleportpane.cpp" />
    <ClCompile Include="trainingscreen.cpp" />
    <ClCompile Include="TrainingSlideshow.cpp" />
    <ClCompile Include="trekapp.cpp" />
    <ClCompile Include="trekctrls.cpp" />
    <ClCompile Include="trekigc.cpp" />
    <ClCompile Include="trekinput.cpp" />
    <ClCompile Include="trekmdl.cpp" />
    <ClCompile Include="treksound.cpp" />
    <ClCompile Include="videoscreen.cpp" />
    <ClCompile Include="VideoSettingsDX9.cpp" />
    <ClCompile Include="WinTrek.CPP" />
    <ClCompile Include="ZoneClubScreen.cpp" />
    <ClCompile Include="zoneeventsscreen.cpp" />
    <ClCompile Include="ZoneSquad.cpp" />
  </ItemGroup>
  <ItemGroup>
    <ClInclude Include="..\Lang\Usa\allegiance\resource.h" />
    <ClInclude Include="artwork.h" />
    <ClInclude Include="cmdview.h" />
    <ClInclude Include="console.h" />
    <ClInclude Include="consoledata.h" />
    <ClInclude Include="gamesite.h" />
    <ClInclude Include="gametypes.h" />
    <ClInclude Include="hudimage.h" />
    <ClInclude Include="indicator.h" />
    <ClInclude Include="load.h" />
    <ClInclude Include="loadout.h" />
    <ClInclude Include="logon.h" />
    <ClInclude Include="mappreview.h" />
    <ClInclude Include="mappvmaker.h" />
    <ClInclude Include="offline.h" />
    <ClInclude Include="passworddialog.h" />
    <ClInclude Include="pch.h" />
    <ClInclude Include="radarimage.h" />
    <ClInclude Include="resource.h" />
    <ClInclude Include="screen.h" />
    <ClInclude Include="sectorvw.h" />
    <ClInclude Include="Slideshow.h" />
    <ClInclude Include="speech.h" />
    <ClInclude Include="trekctrls.h" />
    <ClInclude Include="TrekDlgs.h" />
    <ClInclude Include="Treki.h" />
    <ClInclude Include="trekinput.h" />
    <ClInclude Include="trekmdl.h" />
    <ClInclude Include="treksound.h" />
    <ClInclude Include="trekspeech.h" />
    <ClInclude Include="WinTrek.H" />
    <ClInclude Include="wintrekp.h" />
    <ClInclude Include="ZoneSquad.h" />
  </ItemGroup>
  <ItemGroup>
    <None Include="..\Lang\Usa\allegiance\allegiance.rc2">
      <Filter>Resources</Filter>
    </None>
    <None Include="..\Lang\Usa\allegiance\trek.ico" />
    <None Include="makefile" />
    <None Include="offline.map" />
    <None Include="offline.sql" />
  </ItemGroup>
  <ItemGroup>
    <CustomBuild Include="DeviceModesDX9.h" />
    <CustomBuild Include="VideoSettingsDX9.h" />
  </ItemGroup>
</Project>