<?xml version="1.0" encoding="utf-8"?>
<Project ToolsVersion="4.0" xmlns="http://schemas.microsoft.com/developer/msbuild/2003">
  <ItemGroup>
    <Filter Include="Resources">
      <UniqueIdentifier>{4b425ace-eaf2-43aa-9db0-062f6638f984}</UniqueIdentifier>
    </Filter>
  </ItemGroup>
  <ItemGroup>
    <None Include="AllSrvUI.ico">
      <Filter>Resources</Filter>
    </None>
    <None Include="AllSrvUI.rc2">
      <Filter>Resources</Filter>
    </None>
    <None Include="ArtifactRun.ico">
      <Filter>Resources</Filter>
    </None>
    <None Include="Conquest.ico">
      <Filter>Resources</Filter>
    </None>
    <None Include="CountDown.ico">
      <Filter>Resources</Filter>
    </None>
    <None Include="DeathMatch.ico">
      <Filter>Resources</Filter>
    </None>
    <None Include="Flags.ico">
      <Filter>Resources</Filter>
    </None>
    <None Include="Inbalance.ico">
      <Filter>Resources</Filter>
    </None>
    <None Include="Lives.ico">
      <Filter>Resources</Filter>
    </None>
    <None Include="makefile" />
    <None Include="MaxTeam.ico">
      <Filter>Resources</Filter>
    </None>
    <None Include="MinTeam.ico">
      <Filter>Resources</Filter>
    </None>
    <None Include="Prosperity.ico">
      <Filter>Resources</Filter>
    </None>
    <None Include="Skill.ico">
      <Filter>Resources</Filter>
    </None>
    <None Include="StartMoney.ico">
      <Filter>Resources</Filter>
    </None>
    <None Include="TeamCount.ico">
      <Filter>Resources</Filter>
    </None>
    <None Include="TotalMoney.ico">
      <Filter>Resources</Filter>
    </None>
    <None Include="zone.bmp">
      <Filter>Resources</Filter>
    </None>
  </ItemGroup>
  <ItemGroup>
    <ResourceCompile Include="AllSrvUI.rc">
      <Filter>Resources</Filter>
    </ResourceCompile>
  </ItemGroup>
  <ItemGroup>
    <ClCompile Include="AdminPageThreadWnd.cpp" />
    <ClCompile Include="AllSrvUI.cpp" />
    <ClCompile Include="AllSrvUISheet.cpp" />
    <ClCompile Include="AutoSizer.cpp" />
    <ClCompile Include="DlgAbout.cpp" />
    <ClCompile Include="DlgChatPreferences.cpp" />
    <ClCompile Include="DlgGameSelect.cpp" />
    <ClCompile Include="GamePageSpecifics.cpp" />
    <ClCompile Include="GamePageTeam.cpp" />
    <ClCompile Include="GamePageWin.cpp" />
    <ClCompile Include="GameParamsSheet.cpp" />
    <ClCompile Include="PageChat.cpp" />
    <ClCompile Include="PageConnect.cpp" />
    <ClCompile Include="PageDummy.cpp" />
    <ClCompile Include="PageGameCreate.cpp" />
    <ClCompile Include="PagePlayers.cpp" />
    <ClCompile Include="StdAfx.cpp" />
  </ItemGroup>
  <ItemGroup>
    <ClInclude Include="..\FedSrv\AdminSessionSecure.h" />
    <ClInclude Include="AdminPageThreadWnd.h" />
    <ClInclude Include="AllSrvUI.h" />
    <ClInclude Include="AllSrvUISheet.h" />
    <ClInclude Include="AutoSizer.h" />
    <ClInclude Include="DlgAbout.h" />
    <ClInclude Include="DlgChatPreferences.h" />
    <ClInclude Include="DlgGameSelect.h" />
    <ClInclude Include="GamePageSpecifics.h" />
    <ClInclude Include="GamePageTeam.h" />
    <ClInclude Include="GamePageWin.h" />
    <ClInclude Include="GameParamsSheet.h" />
    <ClInclude Include="PageChat.h" />
    <ClInclude Include="PageConnect.h" />
    <ClInclude Include="PageDummy.h" />
    <ClInclude Include="PageGameCreate.h" />
    <ClInclude Include="PagePlayers.h" />
    <ClInclude Include="resource.h" />
    <ClInclude Include="StdAfx.h" />
  </ItemGroup>
</Project>