Microsoft Visual Studio Solution File, Format Version 11.00
# Visual Studio 2010
Project("{2150E333-8FDC-42A3-9474-1A3956D46DE8}") = "Doc", "Doc", "{A20534F2-783B-48FF-95FE-FCEC104F86EA}"
	ProjectSection(SolutionItems) = preProject
		..\src\license.txt = ..\src\license.txt
		..\src\SolapReadme.txt = ..\src\SolapReadme.txt
		..\src\todo.txt = ..\src\todo.txt
	EndProjectSection
EndProject
Project("{2150E333-8FDC-42A3-9474-1A3956D46DE8}") = "Includes", "Includes", "{CB653E02-7BBE-42DD-B662-71792DFD0513}"
	ProjectSection(SolutionItems) = preProject
		..\src\Inc\allegdb.h = ..\src\Inc\allegdb.h
		..\src\Inc\ClubMessages.h = ..\src\Inc\ClubMessages.h
		..\src\Inc\messagecore.h = ..\src\Inc\messagecore.h
		..\src\Inc\Messages.h = ..\src\Inc\Messages.h
		..\src\Inc\quickchat.h = ..\src\Inc\quickchat.h
		..\src\Inc\regkey.h = ..\src\Inc\regkey.h
		..\src\Inc\SlmVer.h = ..\src\Inc\SlmVer.h
	EndProjectSection
EndProject
Project("{2150E333-8FDC-42A3-9474-1A3956D46DE8}") = "Tools", "Tools", "{29B93072-BF20-474E-B687-39BCF1292357}"
EndProject
Project("{2150E333-8FDC-42A3-9474-1A3956D46DE8}") = "Zone", "Zone", "{097F1EE3-FC08-412F-9A1A-1BD960818F05}"
	ProjectSection(SolutionItems) = preProject
		..\src\Zone\Medal.h = ..\src\Zone\Medal.h
		..\src\Zone\Member.h = ..\src\Zone\Member.h
		..\src\Zone\Squad.h = ..\src\Zone\Squad.h
		..\src\Zone\Zone.h = ..\src\Zone\Zone.h
	EndProjectSection
EndProject
Project("{2150E333-8FDC-42A3-9474-1A3956D46DE8}") = "TCAtl", "TCAtl", "{9F5D9D72-749F-4B6C-B134-416F54D3B7F6}"
	ProjectSection(SolutionItems) = preProject
		..\src\test\TCAtl\ComboBoxWindow.h = ..\src\test\TCAtl\ComboBoxWindow.h
		..\src\test\TCAtl\ComModule.h = ..\src\test\TCAtl\ComModule.h
		..\src\test\TCAtl\DualEventCall.h = ..\src\test\TCAtl\DualEventCall.h
		..\src\test\TCAtl\DualEventsCP.h = ..\src\test\TCAtl\DualEventsCP.h
		..\src\test\TCAtl\EditWindow.h = ..\src\test\TCAtl\EditWindow.h
		..\src\test\TCAtl\ErrorFormatter.h = ..\src\test\TCAtl\ErrorFormatter.h
		..\src\test\TCAtl\EventCall.h = ..\src\test\TCAtl\EventCall.h
		..\src\test\TCAtl\EventsCP.h = ..\src\test\TCAtl\EventsCP.h
		..\src\test\TCAtl\ExternalConnectionImpl.h = ..\src\test\TCAtl\ExternalConnectionImpl.h
		..\src\test\TCAtl\InsidePropPage.cpp = ..\src\test\TCAtl\InsidePropPage.cpp
		..\src\test\TCAtl\InsidePropPage.h = ..\src\test\TCAtl\InsidePropPage.h
		..\src\test\TCAtl\Message.txt = ..\src\test\TCAtl\Message.txt
		..\src\test\TCAtl\ObjectMap.h = ..\src\test\TCAtl\ObjectMap.h
		..\src\test\TCAtl\PageEntry.h = ..\src\test\TCAtl\PageEntry.h
		..\src\test\TCAtl\Persist.h = ..\src\test\TCAtl\Persist.h
		..\src\test\TCAtl\PropertyClass.cpp = ..\src\test\TCAtl\PropertyClass.cpp
		..\src\test\TCAtl\PropertyClass.h = ..\src\test\TCAtl\PropertyClass.h
		..\src\test\TCAtl\PropertyPageBase.cpp = ..\src\test\TCAtl\PropertyPageBase.cpp
		..\src\test\TCAtl\PropertyPageBase.h = ..\src\test\TCAtl\PropertyPageBase.h
		..\src\test\TCAtl\PropertyPageImpl.h = ..\src\test\TCAtl\PropertyPageImpl.h
		..\src\test\TCAtl\RangeValueImpl.h = ..\src\test\TCAtl\RangeValueImpl.h
		..\src\test\TCAtl\RangeValueSlider.cpp = ..\src\test\TCAtl\RangeValueSlider.cpp
		..\src\test\TCAtl\RangeValueSlider.h = ..\src\test\TCAtl\RangeValueSlider.h
		..\src\test\TCAtl\SimpleNotifyReflector.h = ..\src\test\TCAtl\SimpleNotifyReflector.h
		..\src\test\TCAtl\SimpleStream.h = ..\src\test\TCAtl\SimpleStream.h
		..\src\test\TCAtl\SliderWindow.h = ..\src\test\TCAtl\SliderWindow.h
		..\src\test\TCAtl\TCNullStreamImpl.cpp = ..\src\test\TCAtl\TCNullStreamImpl.cpp
		..\src\test\TCAtl\TCNullStreamImpl.h = ..\src\test\TCAtl\TCNullStreamImpl.h
		..\src\test\TCAtl\UserAcct.cpp = ..\src\test\TCAtl\UserAcct.cpp
		..\src\test\TCAtl\UserAcct.h = ..\src\test\TCAtl\UserAcct.h
		..\src\test\TCAtl\VersionInfoImpl.h = ..\src\test\TCAtl\VersionInfoImpl.h
		..\src\test\TCAtl\VersionInfoImpl.idl = ..\src\test\TCAtl\VersionInfoImpl.idl
		..\src\test\TCAtl\WindowThread.h = ..\src\test\TCAtl\WindowThread.h
	EndProjectSection
EndProject
Project("{8BC9CEB8-8B4A-11D0-8D11-00A0C91BC942}") = "Zlib", "ZLibrary.vcxproj", "{21C70CA0-24C5-475B-8C47-6F0226A374B0}"
EndProject
Project("{8BC9CEB8-8B4A-11D0-8D11-00A0C91BC942}") = "Guids", "Guids.vcxproj", "{FA223B93-BCFB-48FA-B9DD-DB9DBBC8F314}"
EndProject
Project("{8BC9CEB8-8B4A-11D0-8D11-00A0C91BC942}") = "Utility", "Utility.vcxproj", "{3853A2C5-F219-4C7D-841A-9407A7AEAE9D}"
	ProjectSection(ProjectDependencies) = postProject
		{FA223B93-BCFB-48FA-B9DD-DB9DBBC8F314} = {FA223B93-BCFB-48FA-B9DD-DB9DBBC8F314}
		{21C70CA0-24C5-475B-8C47-6F0226A374B0} = {21C70CA0-24C5-475B-8C47-6F0226A374B0}
	EndProjectSection
EndProject
Project("{8BC9CEB8-8B4A-11D0-8D11-00A0C91BC942}") = "SoundEngine", "SoundEngine.vcxproj", "{F81BB9EE-DD86-415E-87E3-B60732EFD72F}"
EndProject
Project("{8BC9CEB8-8B4A-11D0-8D11-00A0C91BC942}") = "mdlc", "mdlc.vcxproj", "{9F998B06-078F-4D01-BE26-0302B4772FE3}"
	ProjectSection(ProjectDependencies) = postProject
		{D619B179-7FC4-4DB6-9794-1D3C75717D15} = {D619B179-7FC4-4DB6-9794-1D3C75717D15}
		{4F83287A-FF3C-4333-AD5F-C00B86CF0895} = {4F83287A-FF3C-4333-AD5F-C00B86CF0895}
	EndProjectSection
EndProject
Project("{8BC9CEB8-8B4A-11D0-8D11-00A0C91BC942}") = "Igc", "Igc.vcxproj", "{BF99DCB8-4127-4403-82C9-72190C6ABF5F}"
EndProject
Project("{8BC9CEB8-8B4A-11D0-8D11-00A0C91BC942}") = "ClintLib", "ClintLib.vcxproj", "{557CA42C-AA39-4C44-A998-0452F8C55851}"
EndProject
Project("{8BC9CEB8-8B4A-11D0-8D11-00A0C91BC942}") = "AGC", "AGC.vcxproj", "{1CBF6569-F71C-422A-81DD-8D30A736DB21}"
	ProjectSection(ProjectDependencies) = postProject
		{1695996C-F698-4509-BF5C-ADE10ADA67F9} = {1695996C-F698-4509-BF5C-ADE10ADA67F9}
		{FA223B93-BCFB-48FA-B9DD-DB9DBBC8F314} = {FA223B93-BCFB-48FA-B9DD-DB9DBBC8F314}
		{21C70CA0-24C5-475B-8C47-6F0226A374B0} = {21C70CA0-24C5-475B-8C47-6F0226A374B0}
		{BF99DCB8-4127-4403-82C9-72190C6ABF5F} = {BF99DCB8-4127-4403-82C9-72190C6ABF5F}
		{3853A2C5-F219-4C7D-841A-9407A7AEAE9D} = {3853A2C5-F219-4C7D-841A-9407A7AEAE9D}
	EndProjectSection
EndProject
Project("{8BC9CEB8-8B4A-11D0-8D11-00A0C91BC942}") = "Allegiance", "Allegiance.vcxproj", "{3702DB5A-C966-4133-824F-5958F4BF9BCF}"
	ProjectSection(ProjectDependencies) = postProject
		{557CA42C-AA39-4C44-A998-0452F8C55851} = {557CA42C-AA39-4C44-A998-0452F8C55851}
		{05EAD557-56B0-4070-83F0-8A2B6FB9C54D} = {05EAD557-56B0-4070-83F0-8A2B6FB9C54D}
		{D619B179-7FC4-4DB6-9794-1D3C75717D15} = {D619B179-7FC4-4DB6-9794-1D3C75717D15}
		{4F83287A-FF3C-4333-AD5F-C00B86CF0895} = {4F83287A-FF3C-4333-AD5F-C00B86CF0895}
		{FA223B93-BCFB-48FA-B9DD-DB9DBBC8F314} = {FA223B93-BCFB-48FA-B9DD-DB9DBBC8F314}
		{21C70CA0-24C5-475B-8C47-6F0226A374B0} = {21C70CA0-24C5-475B-8C47-6F0226A374B0}
		{BF99DCB8-4127-4403-82C9-72190C6ABF5F} = {BF99DCB8-4127-4403-82C9-72190C6ABF5F}
		{3853A2C5-F219-4C7D-841A-9407A7AEAE9D} = {3853A2C5-F219-4C7D-841A-9407A7AEAE9D}
		{281F3AC6-FAD1-40F4-B798-F634A6162D39} = {281F3AC6-FAD1-40F4-B798-F634A6162D39}
		{F81BB9EE-DD86-415E-87E3-B60732EFD72F} = {F81BB9EE-DD86-415E-87E3-B60732EFD72F}
	EndProjectSection
EndProject
Project("{8BC9CEB8-8B4A-11D0-8D11-00A0C91BC942}") = "Server", "Server.vcxproj", "{05EAD557-56B0-4070-83F0-8A2B6FB9C54D}"
	ProjectSection(ProjectDependencies) = postProject
		{1695996C-F698-4509-BF5C-ADE10ADA67F9} = {1695996C-F698-4509-BF5C-ADE10ADA67F9}
		{A8E7888A-84AC-485E-9FB2-35382C003E0B} = {A8E7888A-84AC-485E-9FB2-35382C003E0B}
		{FA223B93-BCFB-48FA-B9DD-DB9DBBC8F314} = {FA223B93-BCFB-48FA-B9DD-DB9DBBC8F314}
		{BF99DCB8-4127-4403-82C9-72190C6ABF5F} = {BF99DCB8-4127-4403-82C9-72190C6ABF5F}
		{3853A2C5-F219-4C7D-841A-9407A7AEAE9D} = {3853A2C5-F219-4C7D-841A-9407A7AEAE9D}
	EndProjectSection
EndProject
Project("{8BC9CEB8-8B4A-11D0-8D11-00A0C91BC942}") = "Lobby", "Lobby.vcxproj", "{181139DC-F4E7-446B-B8DD-C195691B34CA}"
	ProjectSection(ProjectDependencies) = postProject
		{FA223B93-BCFB-48FA-B9DD-DB9DBBC8F314} = {FA223B93-BCFB-48FA-B9DD-DB9DBBC8F314}
		{21C70CA0-24C5-475B-8C47-6F0226A374B0} = {21C70CA0-24C5-475B-8C47-6F0226A374B0}
		{3853A2C5-F219-4C7D-841A-9407A7AEAE9D} = {3853A2C5-F219-4C7D-841A-9407A7AEAE9D}
	EndProjectSection
EndProject
Project("{8BC9CEB8-8B4A-11D0-8D11-00A0C91BC942}") = "cvh", "cvh.vcxproj", "{3A317555-E8A3-494D-BF0D-CE93E40C920B}"
EndProject
Project("{8BC9CEB8-8B4A-11D0-8D11-00A0C91BC942}") = "sharemem", "sharemem.vcxproj", "{A8E7888A-84AC-485E-9FB2-35382C003E0B}"
EndProject
Project("{8BC9CEB8-8B4A-11D0-8D11-00A0C91BC942}") = "TCLib", "TCLib.vcxproj", "{1695996C-F698-4509-BF5C-ADE10ADA67F9}"
EndProject
Project("{8BC9CEB8-8B4A-11D0-8D11-00A0C91BC942}") = "mdledit", "mdledit.vcxproj", "{F150276A-D7D8-4C24-AA41-170A6F3D4CF9}"
	ProjectSection(ProjectDependencies) = postProject
		{D619B179-7FC4-4DB6-9794-1D3C75717D15} = {D619B179-7FC4-4DB6-9794-1D3C75717D15}
		{4F83287A-FF3C-4333-AD5F-C00B86CF0895} = {4F83287A-FF3C-4333-AD5F-C00B86CF0895}
		{21C70CA0-24C5-475B-8C47-6F0226A374B0} = {21C70CA0-24C5-475B-8C47-6F0226A374B0}
	EndProjectSection
EndProject
Project("{8BC9CEB8-8B4A-11D0-8D11-00A0C91BC942}") = "AllSrvUI", "AllSrvUI.vcxproj", "{97B8370B-16BC-4A2F-A0FE-4BEEF2EAED42}"
	ProjectSection(ProjectDependencies) = postProject
		{05EAD557-56B0-4070-83F0-8A2B6FB9C54D} = {05EAD557-56B0-4070-83F0-8A2B6FB9C54D}
		{1CBF6569-F71C-422A-81DD-8D30A736DB21} = {1CBF6569-F71C-422A-81DD-8D30A736DB21}
	EndProjectSection
EndProject
Project("{8BC9CEB8-8B4A-11D0-8D11-00A0C91BC942}") = "training", "training.vcxproj", "{281F3AC6-FAD1-40F4-B798-F634A6162D39}"
EndProject
Project("{8BC9CEB8-8B4A-11D0-8D11-00A0C91BC942}") = "Engine", "Engine.vcxproj", "{D619B179-7FC4-4DB6-9794-1D3C75717D15}"
EndProject
Project("{8BC9CEB8-8B4A-11D0-8D11-00A0C91BC942}") = "effect", "effect.vcxproj", "{4F83287A-FF3C-4333-AD5F-C00B86CF0895}"
EndProject
Project("{8BC9CEB8-8B4A-11D0-8D11-00A0C91BC942}") = "Reloader", "Reloader.vcxproj", "{92B20638-9867-4DF3-B7EB-297352479E19}"
	ProjectSection(ProjectDependencies) = postProject
		{21C70CA0-24C5-475B-8C47-6F0226A374B0} = {21C70CA0-24C5-475B-8C47-6F0226A374B0}
	EndProjectSection
EndProject
Project("{8BC9CEB8-8B4A-11D0-8D11-00A0C91BC942}") = "AutoUpdate", "AutoUpdate.vcxproj", "{20776B9F-8C2D-42F9-8800-386F5DA8A4A4}"
	ProjectSection(ProjectDependencies) = postProject
		{557CA42C-AA39-4C44-A998-0452F8C55851} = {557CA42C-AA39-4C44-A998-0452F8C55851}
		{05EAD557-56B0-4070-83F0-8A2B6FB9C54D} = {05EAD557-56B0-4070-83F0-8A2B6FB9C54D}
		{21C70CA0-24C5-475B-8C47-6F0226A374B0} = {21C70CA0-24C5-475B-8C47-6F0226A374B0}
		{BF99DCB8-4127-4403-82C9-72190C6ABF5F} = {BF99DCB8-4127-4403-82C9-72190C6ABF5F}
		{3853A2C5-F219-4C7D-841A-9407A7AEAE9D} = {3853A2C5-F219-4C7D-841A-9407A7AEAE9D}
	EndProjectSection
EndProject
Project("{8BC9CEB8-8B4A-11D0-8D11-00A0C91BC942}") = "TCObj", "TCObj.vcxproj", "{CAFFB3DB-EADD-46A1-ABAE-3A341011B0A6}"
	ProjectSection(ProjectDependencies) = postProject
		{1695996C-F698-4509-BF5C-ADE10ADA67F9} = {1695996C-F698-4509-BF5C-ADE10ADA67F9}
		{21C70CA0-24C5-475B-8C47-6F0226A374B0} = {21C70CA0-24C5-475B-8C47-6F0226A374B0}
	EndProjectSection
EndProject
Project("{2150E333-8FDC-42A3-9474-1A3956D46DE8}") = "Pigs", "Pigs", "{3173AB63-87BD-45F5-83C3-EFA1F81A76F0}"
EndProject
Project("{8BC9CEB8-8B4A-11D0-8D11-00A0C91BC942}") = "PigGUID", "PigGUID.vcxproj", "{9EDD4786-4508-4F99-89D1-12FA255AC6A3}"
	ProjectSection(ProjectDependencies) = postProject
		{4276FB1E-16D0-4463-89CE-2D33D78512B1} = {4276FB1E-16D0-4463-89CE-2D33D78512B1}
	EndProjectSection
EndProject
Project("{8BC9CEB8-8B4A-11D0-8D11-00A0C91BC942}") = "PigsLib", "PigsLib.vcxproj", "{4276FB1E-16D0-4463-89CE-2D33D78512B1}"
	ProjectSection(ProjectDependencies) = postProject
		{1695996C-F698-4509-BF5C-ADE10ADA67F9} = {1695996C-F698-4509-BF5C-ADE10ADA67F9}
		{21C70CA0-24C5-475B-8C47-6F0226A374B0} = {21C70CA0-24C5-475B-8C47-6F0226A374B0}
	EndProjectSection
EndProject
Project("{8BC9CEB8-8B4A-11D0-8D11-00A0C91BC942}") = "PigAccts", "PigAccts.vcxproj", "{6C3FDD5D-0F80-4A18-AA68-FB6348A32AA6}"
	ProjectSection(ProjectDependencies) = postProject
		{4276FB1E-16D0-4463-89CE-2D33D78512B1} = {4276FB1E-16D0-4463-89CE-2D33D78512B1}
		{9EDD4786-4508-4F99-89D1-12FA255AC6A3} = {9EDD4786-4508-4F99-89D1-12FA255AC6A3}
	EndProjectSection
EndProject
Project("{8BC9CEB8-8B4A-11D0-8D11-00A0C91BC942}") = "PigSrv", "PigSrv.vcxproj", "{53812B2F-C263-4528-BA9B-C3D87884D52D}"
	ProjectSection(ProjectDependencies) = postProject
		{4276FB1E-16D0-4463-89CE-2D33D78512B1} = {4276FB1E-16D0-4463-89CE-2D33D78512B1}
		{9EDD4786-4508-4F99-89D1-12FA255AC6A3} = {9EDD4786-4508-4F99-89D1-12FA255AC6A3}
		{21C70CA0-24C5-475B-8C47-6F0226A374B0} = {21C70CA0-24C5-475B-8C47-6F0226A374B0}
	EndProjectSection
EndProject
Project("{8BC9CEB8-8B4A-11D0-8D11-00A0C91BC942}") = "PigConfig", "PigConfig.vcxproj", "{52C64275-DA32-486B-AB61-A617E5A07E0A}"
	ProjectSection(ProjectDependencies) = postProject
		{4276FB1E-16D0-4463-89CE-2D33D78512B1} = {4276FB1E-16D0-4463-89CE-2D33D78512B1}
		{1695996C-F698-4509-BF5C-ADE10ADA67F9} = {1695996C-F698-4509-BF5C-ADE10ADA67F9}
		{21C70CA0-24C5-475B-8C47-6F0226A374B0} = {21C70CA0-24C5-475B-8C47-6F0226A374B0}
	EndProjectSection
EndProject
Global
	GlobalSection(SolutionConfigurationPlatforms) = preSolution
		FZDebug|Win32 = FZDebug|Win32
		FZDebug|X64 = FZDebug|X64
		FZRetail|Win32 = FZRetail|Win32
		FZRetail|X64 = FZRetail|X64
		FZRetail-PGO|Win32 = FZRetail-PGO|Win32
		FZRetail-PGO|X64 = FZRetail-PGO|X64
		FZRetail-PGOInstrument|Win32 = FZRetail-PGOInstrument|Win32
		FZRetail-PGOInstrument|X64 = FZRetail-PGOInstrument|X64
		FZRetail-SSE2|Win32 = FZRetail-SSE2|Win32
		FZRetail-SSE2|X64 = FZRetail-SSE2|X64
	EndGlobalSection
	GlobalSection(ProjectConfigurationPlatforms) = postSolution
		{21C70CA0-24C5-475B-8C47-6F0226A374B0}.FZDebug|Win32.ActiveCfg = FZDebug|Win32
		{21C70CA0-24C5-475B-8C47-6F0226A374B0}.FZDebug|Win32.Build.0 = FZDebug|Win32
		{21C70CA0-24C5-475B-8C47-6F0226A374B0}.FZDebug|X64.ActiveCfg = FZDebug|X64
		{21C70CA0-24C5-475B-8C47-6F0226A374B0}.FZDebug|X64.Build.0 = FZDebug|X64
		{21C70CA0-24C5-475B-8C47-6F0226A374B0}.FZRetail|Win32.ActiveCfg = FZRetail|Win32
		{21C70CA0-24C5-475B-8C47-6F0226A374B0}.FZRetail|Win32.Build.0 = FZRetail|Win32
		{21C70CA0-24C5-475B-8C47-6F0226A374B0}.FZRetail|X64.ActiveCfg = FZRetail|X64
		{21C70CA0-24C5-475B-8C47-6F0226A374B0}.FZRetail|X64.Build.0 = FZRetail|X64
		{21C70CA0-24C5-475B-8C47-6F0226A374B0}.FZRetail-PGO|Win32.ActiveCfg = FZRetail-Optimized|Win32
		{21C70CA0-24C5-475B-8C47-6F0226A374B0}.FZRetail-PGO|Win32.Build.0 = FZRetail-Optimized|Win32
		{21C70CA0-24C5-475B-8C47-6F0226A374B0}.FZRetail-PGO|X64.ActiveCfg = FZRetail-Optimized|X64
		{21C70CA0-24C5-475B-8C47-6F0226A374B0}.FZRetail-PGO|X64.Build.0 = FZRetail-Optimized|X64
		{21C70CA0-24C5-475B-8C47-6F0226A374B0}.FZRetail-PGOInstrument|Win32.ActiveCfg = FZRetail-Instrumented|Win32
		{21C70CA0-24C5-475B-8C47-6F0226A374B0}.FZRetail-PGOInstrument|Win32.Build.0 = FZRetail-Instrumented|Win32
		{21C70CA0-24C5-475B-8C47-6F0226A374B0}.FZRetail-PGOInstrument|X64.ActiveCfg = FZRetail-Instrumented|X64
		{21C70CA0-24C5-475B-8C47-6F0226A374B0}.FZRetail-PGOInstrument|X64.Build.0 = FZRetail-Instrumented|X64
		{21C70CA0-24C5-475B-8C47-6F0226A374B0}.FZRetail-SSE2|Win32.ActiveCfg = FZRetail-SSE2|Win32
		{21C70CA0-24C5-475B-8C47-6F0226A374B0}.FZRetail-SSE2|Win32.Build.0 = FZRetail-SSE2|Win32
		{21C70CA0-24C5-475B-8C47-6F0226A374B0}.FZRetail-SSE2|X64.ActiveCfg = FZRetail-SSE2|X64
		{21C70CA0-24C5-475B-8C47-6F0226A374B0}.FZRetail-SSE2|X64.Build.0 = FZRetail-SSE2|X64
		{FA223B93-BCFB-48FA-B9DD-DB9DBBC8F314}.FZDebug|Win32.ActiveCfg = FZDebug|Win32
		{FA223B93-BCFB-48FA-B9DD-DB9DBBC8F314}.FZDebug|Win32.Build.0 = FZDebug|Win32
		{FA223B93-BCFB-48FA-B9DD-DB9DBBC8F314}.FZDebug|X64.ActiveCfg = FZDebug|X64
		{FA223B93-BCFB-48FA-B9DD-DB9DBBC8F314}.FZDebug|X64.Build.0 = FZDebug|X64
		{FA223B93-BCFB-48FA-B9DD-DB9DBBC8F314}.FZRetail|Win32.ActiveCfg = FZRetail|Win32
		{FA223B93-BCFB-48FA-B9DD-DB9DBBC8F314}.FZRetail|Win32.Build.0 = FZRetail|Win32
		{FA223B93-BCFB-48FA-B9DD-DB9DBBC8F314}.FZRetail|X64.ActiveCfg = FZRetail|X64
		{FA223B93-BCFB-48FA-B9DD-DB9DBBC8F314}.FZRetail|X64.Build.0 = FZRetail|X64
		{FA223B93-BCFB-48FA-B9DD-DB9DBBC8F314}.FZRetail-PGO|Win32.ActiveCfg = FZRetail-Optimized|Win32
		{FA223B93-BCFB-48FA-B9DD-DB9DBBC8F314}.FZRetail-PGO|Win32.Build.0 = FZRetail-Optimized|Win32
		{FA223B93-BCFB-48FA-B9DD-DB9DBBC8F314}.FZRetail-PGO|X64.ActiveCfg = FZRetail-Optimized|X64
		{FA223B93-BCFB-48FA-B9DD-DB9DBBC8F314}.FZRetail-PGO|X64.Build.0 = FZRetail-Optimized|X64
		{FA223B93-BCFB-48FA-B9DD-DB9DBBC8F314}.FZRetail-PGOInstrument|Win32.ActiveCfg = FZRetail-Instrumented|Win32
		{FA223B93-BCFB-48FA-B9DD-DB9DBBC8F314}.FZRetail-PGOInstrument|Win32.Build.0 = FZRetail-Instrumented|Win32
		{FA223B93-BCFB-48FA-B9DD-DB9DBBC8F314}.FZRetail-PGOInstrument|X64.ActiveCfg = FZRetail-Instrumented|X64
		{FA223B93-BCFB-48FA-B9DD-DB9DBBC8F314}.FZRetail-PGOInstrument|X64.Build.0 = FZRetail-Instrumented|X64
		{FA223B93-BCFB-48FA-B9DD-DB9DBBC8F314}.FZRetail-SSE2|Win32.ActiveCfg = FZRetail-SSE2|Win32
		{FA223B93-BCFB-48FA-B9DD-DB9DBBC8F314}.FZRetail-SSE2|Win32.Build.0 = FZRetail-SSE2|Win32
		{FA223B93-BCFB-48FA-B9DD-DB9DBBC8F314}.FZRetail-SSE2|X64.ActiveCfg = FZRetail-SSE2|X64
		{FA223B93-BCFB-48FA-B9DD-DB9DBBC8F314}.FZRetail-SSE2|X64.Build.0 = FZRetail-SSE2|X64
		{3853A2C5-F219-4C7D-841A-9407A7AEAE9D}.FZDebug|Win32.ActiveCfg = FZDebug|Win32
		{3853A2C5-F219-4C7D-841A-9407A7AEAE9D}.FZDebug|Win32.Build.0 = FZDebug|Win32
		{3853A2C5-F219-4C7D-841A-9407A7AEAE9D}.FZDebug|X64.ActiveCfg = FZDebug|X64
		{3853A2C5-F219-4C7D-841A-9407A7AEAE9D}.FZDebug|X64.Build.0 = FZDebug|X64
		{3853A2C5-F219-4C7D-841A-9407A7AEAE9D}.FZRetail|Win32.ActiveCfg = FZRetail|Win32
		{3853A2C5-F219-4C7D-841A-9407A7AEAE9D}.FZRetail|Win32.Build.0 = FZRetail|Win32
		{3853A2C5-F219-4C7D-841A-9407A7AEAE9D}.FZRetail|X64.ActiveCfg = FZRetail|X64
		{3853A2C5-F219-4C7D-841A-9407A7AEAE9D}.FZRetail|X64.Build.0 = FZRetail|X64
		{3853A2C5-F219-4C7D-841A-9407A7AEAE9D}.FZRetail-PGO|Win32.ActiveCfg = FZRetail-Optimized|Win32
		{3853A2C5-F219-4C7D-841A-9407A7AEAE9D}.FZRetail-PGO|Win32.Build.0 = FZRetail-Optimized|Win32
		{3853A2C5-F219-4C7D-841A-9407A7AEAE9D}.FZRetail-PGO|X64.ActiveCfg = FZRetail-Optimized|X64
		{3853A2C5-F219-4C7D-841A-9407A7AEAE9D}.FZRetail-PGO|X64.Build.0 = FZRetail-Optimized|X64
		{3853A2C5-F219-4C7D-841A-9407A7AEAE9D}.FZRetail-PGOInstrument|Win32.ActiveCfg = FZRetail-Instrumented|Win32
		{3853A2C5-F219-4C7D-841A-9407A7AEAE9D}.FZRetail-PGOInstrument|Win32.Build.0 = FZRetail-Instrumented|Win32
		{3853A2C5-F219-4C7D-841A-9407A7AEAE9D}.FZRetail-PGOInstrument|X64.ActiveCfg = FZRetail-Instrumented|X64
		{3853A2C5-F219-4C7D-841A-9407A7AEAE9D}.FZRetail-PGOInstrument|X64.Build.0 = FZRetail-Instrumented|X64
		{3853A2C5-F219-4C7D-841A-9407A7AEAE9D}.FZRetail-SSE2|Win32.ActiveCfg = FZRetail-SSE2|Win32
		{3853A2C5-F219-4C7D-841A-9407A7AEAE9D}.FZRetail-SSE2|Win32.Build.0 = FZRetail-SSE2|Win32
		{3853A2C5-F219-4C7D-841A-9407A7AEAE9D}.FZRetail-SSE2|X64.ActiveCfg = FZRetail-SSE2|X64
		{3853A2C5-F219-4C7D-841A-9407A7AEAE9D}.FZRetail-SSE2|X64.Build.0 = FZRetail-SSE2|X64
		{F81BB9EE-DD86-415E-87E3-B60732EFD72F}.FZDebug|Win32.ActiveCfg = FZDebug|Win32
		{F81BB9EE-DD86-415E-87E3-B60732EFD72F}.FZDebug|Win32.Build.0 = FZDebug|Win32
		{F81BB9EE-DD86-415E-87E3-B60732EFD72F}.FZDebug|X64.ActiveCfg = FZDebug|X64
		{F81BB9EE-DD86-415E-87E3-B60732EFD72F}.FZDebug|X64.Build.0 = FZDebug|X64
		{F81BB9EE-DD86-415E-87E3-B60732EFD72F}.FZRetail|Win32.ActiveCfg = FZRetail|Win32
		{F81BB9EE-DD86-415E-87E3-B60732EFD72F}.FZRetail|Win32.Build.0 = FZRetail|Win32
		{F81BB9EE-DD86-415E-87E3-B60732EFD72F}.FZRetail|X64.ActiveCfg = FZRetail|X64
		{F81BB9EE-DD86-415E-87E3-B60732EFD72F}.FZRetail|X64.Build.0 = FZRetail|X64
		{F81BB9EE-DD86-415E-87E3-B60732EFD72F}.FZRetail-PGO|Win32.ActiveCfg = FZRetail-Optimized|Win32
		{F81BB9EE-DD86-415E-87E3-B60732EFD72F}.FZRetail-PGO|Win32.Build.0 = FZRetail-Optimized|Win32
		{F81BB9EE-DD86-415E-87E3-B60732EFD72F}.FZRetail-PGO|X64.ActiveCfg = FZRetail-Optimized|X64
		{F81BB9EE-DD86-415E-87E3-B60732EFD72F}.FZRetail-PGO|X64.Build.0 = FZRetail-Optimized|X64
		{F81BB9EE-DD86-415E-87E3-B60732EFD72F}.FZRetail-PGOInstrument|Win32.ActiveCfg = FZRetail-Instrumented|Win32
		{F81BB9EE-DD86-415E-87E3-B60732EFD72F}.FZRetail-PGOInstrument|Win32.Build.0 = FZRetail-Instrumented|Win32
		{F81BB9EE-DD86-415E-87E3-B60732EFD72F}.FZRetail-PGOInstrument|X64.ActiveCfg = FZRetail-Instrumented|X64
		{F81BB9EE-DD86-415E-87E3-B60732EFD72F}.FZRetail-PGOInstrument|X64.Build.0 = FZRetail-Instrumented|X64
		{F81BB9EE-DD86-415E-87E3-B60732EFD72F}.FZRetail-SSE2|Win32.ActiveCfg = FZRetail-SSE2|Win32
		{F81BB9EE-DD86-415E-87E3-B60732EFD72F}.FZRetail-SSE2|Win32.Build.0 = FZRetail-SSE2|Win32
		{F81BB9EE-DD86-415E-87E3-B60732EFD72F}.FZRetail-SSE2|X64.ActiveCfg = FZRetail-SSE2|X64
		{F81BB9EE-DD86-415E-87E3-B60732EFD72F}.FZRetail-SSE2|X64.Build.0 = FZRetail-SSE2|X64
		{9F998B06-078F-4D01-BE26-0302B4772FE3}.FZDebug|Win32.ActiveCfg = FZDebug|Win32
		{9F998B06-078F-4D01-BE26-0302B4772FE3}.FZDebug|Win32.Build.0 = FZDebug|Win32
		{9F998B06-078F-4D01-BE26-0302B4772FE3}.FZDebug|X64.ActiveCfg = FZDebug|X64
		{9F998B06-078F-4D01-BE26-0302B4772FE3}.FZDebug|X64.Build.0 = FZDebug|X64
		{9F998B06-078F-4D01-BE26-0302B4772FE3}.FZRetail|Win32.ActiveCfg = FZRetail|Win32
		{9F998B06-078F-4D01-BE26-0302B4772FE3}.FZRetail|Win32.Build.0 = FZRetail|Win32
		{9F998B06-078F-4D01-BE26-0302B4772FE3}.FZRetail|X64.ActiveCfg = FZRetail|X64
		{9F998B06-078F-4D01-BE26-0302B4772FE3}.FZRetail|X64.Build.0 = FZRetail|X64
		{9F998B06-078F-4D01-BE26-0302B4772FE3}.FZRetail-PGO|Win32.ActiveCfg = FZRetail-Optimized|Win32
		{9F998B06-078F-4D01-BE26-0302B4772FE3}.FZRetail-PGO|X64.ActiveCfg = FZRetail-Optimized|X64
		{9F998B06-078F-4D01-BE26-0302B4772FE3}.FZRetail-PGO|X64.Build.0 = FZRetail-Optimized|X64
		{9F998B06-078F-4D01-BE26-0302B4772FE3}.FZRetail-PGOInstrument|Win32.ActiveCfg = FZRetail-Instrumented|Win32
		{9F998B06-078F-4D01-BE26-0302B4772FE3}.FZRetail-PGOInstrument|X64.ActiveCfg = FZRetail-Instrumented|X64
		{9F998B06-078F-4D01-BE26-0302B4772FE3}.FZRetail-PGOInstrument|X64.Build.0 = FZRetail-Instrumented|X64
		{9F998B06-078F-4D01-BE26-0302B4772FE3}.FZRetail-SSE2|Win32.ActiveCfg = FZRetail-SSE2|Win32
		{9F998B06-078F-4D01-BE26-0302B4772FE3}.FZRetail-SSE2|Win32.Build.0 = FZRetail-SSE2|Win32
		{9F998B06-078F-4D01-BE26-0302B4772FE3}.FZRetail-SSE2|X64.ActiveCfg = FZRetail-SSE2|X64
		{9F998B06-078F-4D01-BE26-0302B4772FE3}.FZRetail-SSE2|X64.Build.0 = FZRetail-SSE2|X64
		{BF99DCB8-4127-4403-82C9-72190C6ABF5F}.FZDebug|Win32.ActiveCfg = FZDebug|Win32
		{BF99DCB8-4127-4403-82C9-72190C6ABF5F}.FZDebug|Win32.Build.0 = FZDebug|Win32
		{BF99DCB8-4127-4403-82C9-72190C6ABF5F}.FZDebug|X64.ActiveCfg = FZDebug|X64
		{BF99DCB8-4127-4403-82C9-72190C6ABF5F}.FZDebug|X64.Build.0 = FZDebug|X64
		{BF99DCB8-4127-4403-82C9-72190C6ABF5F}.FZRetail|Win32.ActiveCfg = FZRetail|Win32
		{BF99DCB8-4127-4403-82C9-72190C6ABF5F}.FZRetail|Win32.Build.0 = FZRetail|Win32
		{BF99DCB8-4127-4403-82C9-72190C6ABF5F}.FZRetail|X64.ActiveCfg = FZRetail|X64
		{BF99DCB8-4127-4403-82C9-72190C6ABF5F}.FZRetail|X64.Build.0 = FZRetail|X64
		{BF99DCB8-4127-4403-82C9-72190C6ABF5F}.FZRetail-PGO|Win32.ActiveCfg = FZRetail-Optimized|Win32
		{BF99DCB8-4127-4403-82C9-72190C6ABF5F}.FZRetail-PGO|Win32.Build.0 = FZRetail-Optimized|Win32
		{BF99DCB8-4127-4403-82C9-72190C6ABF5F}.FZRetail-PGO|X64.ActiveCfg = FZRetail-Optimized|X64
		{BF99DCB8-4127-4403-82C9-72190C6ABF5F}.FZRetail-PGO|X64.Build.0 = FZRetail-Optimized|X64
		{BF99DCB8-4127-4403-82C9-72190C6ABF5F}.FZRetail-PGOInstrument|Win32.ActiveCfg = FZRetail-Instrumented|Win32
		{BF99DCB8-4127-4403-82C9-72190C6ABF5F}.FZRetail-PGOInstrument|Win32.Build.0 = FZRetail-Instrumented|Win32
		{BF99DCB8-4127-4403-82C9-72190C6ABF5F}.FZRetail-PGOInstrument|X64.ActiveCfg = FZRetail-Instrumented|X64
		{BF99DCB8-4127-4403-82C9-72190C6ABF5F}.FZRetail-PGOInstrument|X64.Build.0 = FZRetail-Instrumented|X64
		{BF99DCB8-4127-4403-82C9-72190C6ABF5F}.FZRetail-SSE2|Win32.ActiveCfg = FZRetail-SSE2|Win32
		{BF99DCB8-4127-4403-82C9-72190C6ABF5F}.FZRetail-SSE2|Win32.Build.0 = FZRetail-SSE2|Win32
		{BF99DCB8-4127-4403-82C9-72190C6ABF5F}.FZRetail-SSE2|X64.ActiveCfg = FZRetail-SSE2|X64
		{BF99DCB8-4127-4403-82C9-72190C6ABF5F}.FZRetail-SSE2|X64.Build.0 = FZRetail-SSE2|X64
		{557CA42C-AA39-4C44-A998-0452F8C55851}.FZDebug|Win32.ActiveCfg = FZDebug|Win32
		{557CA42C-AA39-4C44-A998-0452F8C55851}.FZDebug|Win32.Build.0 = FZDebug|Win32
		{557CA42C-AA39-4C44-A998-0452F8C55851}.FZDebug|X64.ActiveCfg = FZDebug|X64
		{557CA42C-AA39-4C44-A998-0452F8C55851}.FZDebug|X64.Build.0 = FZDebug|X64
		{557CA42C-AA39-4C44-A998-0452F8C55851}.FZRetail|Win32.ActiveCfg = FZRetail|Win32
		{557CA42C-AA39-4C44-A998-0452F8C55851}.FZRetail|Win32.Build.0 = FZRetail|Win32
		{557CA42C-AA39-4C44-A998-0452F8C55851}.FZRetail|X64.ActiveCfg = FZRetail|X64
		{557CA42C-AA39-4C44-A998-0452F8C55851}.FZRetail|X64.Build.0 = FZRetail|X64
		{557CA42C-AA39-4C44-A998-0452F8C55851}.FZRetail-PGO|Win32.ActiveCfg = FZRetail-Optimized|Win32
		{557CA42C-AA39-4C44-A998-0452F8C55851}.FZRetail-PGO|Win32.Build.0 = FZRetail-Optimized|Win32
		{557CA42C-AA39-4C44-A998-0452F8C55851}.FZRetail-PGO|X64.ActiveCfg = FZRetail-Optimized|X64
		{557CA42C-AA39-4C44-A998-0452F8C55851}.FZRetail-PGO|X64.Build.0 = FZRetail-Optimized|X64
		{557CA42C-AA39-4C44-A998-0452F8C55851}.FZRetail-PGOInstrument|Win32.ActiveCfg = FZRetail-Instrumented|Win32
		{557CA42C-AA39-4C44-A998-0452F8C55851}.FZRetail-PGOInstrument|Win32.Build.0 = FZRetail-Instrumented|Win32
		{557CA42C-AA39-4C44-A998-0452F8C55851}.FZRetail-PGOInstrument|X64.ActiveCfg = FZRetail-Instrumented|X64
		{557CA42C-AA39-4C44-A998-0452F8C55851}.FZRetail-PGOInstrument|X64.Build.0 = FZRetail-Instrumented|X64
		{557CA42C-AA39-4C44-A998-0452F8C55851}.FZRetail-SSE2|Win32.ActiveCfg = FZRetail-SSE2|Win32
		{557CA42C-AA39-4C44-A998-0452F8C55851}.FZRetail-SSE2|Win32.Build.0 = FZRetail-SSE2|Win32
		{557CA42C-AA39-4C44-A998-0452F8C55851}.FZRetail-SSE2|X64.ActiveCfg = FZRetail-SSE2|X64
		{557CA42C-AA39-4C44-A998-0452F8C55851}.FZRetail-SSE2|X64.Build.0 = FZRetail-SSE2|X64
		{1CBF6569-F71C-422A-81DD-8D30A736DB21}.FZDebug|Win32.ActiveCfg = FZDebug|Win32
		{1CBF6569-F71C-422A-81DD-8D30A736DB21}.FZDebug|Win32.Build.0 = FZDebug|Win32
		{1CBF6569-F71C-422A-81DD-8D30A736DB21}.FZDebug|X64.ActiveCfg = FZDebug|X64
		{1CBF6569-F71C-422A-81DD-8D30A736DB21}.FZDebug|X64.Build.0 = FZDebug|X64
		{1CBF6569-F71C-422A-81DD-8D30A736DB21}.FZRetail|Win32.ActiveCfg = FZRetail|Win32
		{1CBF6569-F71C-422A-81DD-8D30A736DB21}.FZRetail|Win32.Build.0 = FZRetail|Win32
		{1CBF6569-F71C-422A-81DD-8D30A736DB21}.FZRetail|X64.ActiveCfg = FZRetail|X64
		{1CBF6569-F71C-422A-81DD-8D30A736DB21}.FZRetail|X64.Build.0 = FZRetail|X64
		{1CBF6569-F71C-422A-81DD-8D30A736DB21}.FZRetail-PGO|Win32.ActiveCfg = FZRetail-Optimized|Win32
		{1CBF6569-F71C-422A-81DD-8D30A736DB21}.FZRetail-PGO|Win32.Build.0 = FZRetail-Optimized|Win32
		{1CBF6569-F71C-422A-81DD-8D30A736DB21}.FZRetail-PGO|X64.ActiveCfg = FZRetail-Optimized|X64
		{1CBF6569-F71C-422A-81DD-8D30A736DB21}.FZRetail-PGO|X64.Build.0 = FZRetail-Optimized|X64
		{1CBF6569-F71C-422A-81DD-8D30A736DB21}.FZRetail-PGOInstrument|Win32.ActiveCfg = FZRetail-Instrumented|Win32
		{1CBF6569-F71C-422A-81DD-8D30A736DB21}.FZRetail-PGOInstrument|Win32.Build.0 = FZRetail-Instrumented|Win32
		{1CBF6569-F71C-422A-81DD-8D30A736DB21}.FZRetail-PGOInstrument|X64.ActiveCfg = FZRetail-Instrumented|X64
		{1CBF6569-F71C-422A-81DD-8D30A736DB21}.FZRetail-PGOInstrument|X64.Build.0 = FZRetail-Instrumented|X64
		{1CBF6569-F71C-422A-81DD-8D30A736DB21}.FZRetail-SSE2|Win32.ActiveCfg = FZRetail-SSE2|Win32
		{1CBF6569-F71C-422A-81DD-8D30A736DB21}.FZRetail-SSE2|Win32.Build.0 = FZRetail-SSE2|Win32
		{1CBF6569-F71C-422A-81DD-8D30A736DB21}.FZRetail-SSE2|X64.ActiveCfg = FZRetail-SSE2|X64
		{1CBF6569-F71C-422A-81DD-8D30A736DB21}.FZRetail-SSE2|X64.Build.0 = FZRetail-SSE2|X64
		{3702DB5A-C966-4133-824F-5958F4BF9BCF}.FZDebug|Win32.ActiveCfg = FZDebug|Win32
		{3702DB5A-C966-4133-824F-5958F4BF9BCF}.FZDebug|Win32.Build.0 = FZDebug|Win32
		{3702DB5A-C966-4133-824F-5958F4BF9BCF}.FZDebug|X64.ActiveCfg = FZDebug|X64
		{3702DB5A-C966-4133-824F-5958F4BF9BCF}.FZDebug|X64.Build.0 = FZDebug|X64
		{3702DB5A-C966-4133-824F-5958F4BF9BCF}.FZRetail|Win32.ActiveCfg = FZRetail|Win32
		{3702DB5A-C966-4133-824F-5958F4BF9BCF}.FZRetail|Win32.Build.0 = FZRetail|Win32
		{3702DB5A-C966-4133-824F-5958F4BF9BCF}.FZRetail|X64.ActiveCfg = FZRetail|X64
		{3702DB5A-C966-4133-824F-5958F4BF9BCF}.FZRetail|X64.Build.0 = FZRetail|X64
		{3702DB5A-C966-4133-824F-5958F4BF9BCF}.FZRetail-PGO|Win32.ActiveCfg = FZRetail-Optimized|Win32
		{3702DB5A-C966-4133-824F-5958F4BF9BCF}.FZRetail-PGO|Win32.Build.0 = FZRetail-Optimized|Win32
		{3702DB5A-C966-4133-824F-5958F4BF9BCF}.FZRetail-PGO|X64.ActiveCfg = FZRetail-Optimized|X64
		{3702DB5A-C966-4133-824F-5958F4BF9BCF}.FZRetail-PGO|X64.Build.0 = FZRetail-Optimized|X64
		{3702DB5A-C966-4133-824F-5958F4BF9BCF}.FZRetail-PGOInstrument|Win32.ActiveCfg = FZRetail-Instrumented|Win32
		{3702DB5A-C966-4133-824F-5958F4BF9BCF}.FZRetail-PGOInstrument|Win32.Build.0 = FZRetail-Instrumented|Win32
		{3702DB5A-C966-4133-824F-5958F4BF9BCF}.FZRetail-PGOInstrument|X64.ActiveCfg = FZRetail-Instrumented|X64
		{3702DB5A-C966-4133-824F-5958F4BF9BCF}.FZRetail-PGOInstrument|X64.Build.0 = FZRetail-Instrumented|X64
		{3702DB5A-C966-4133-824F-5958F4BF9BCF}.FZRetail-SSE2|Win32.ActiveCfg = FZRetail-SSE2|Win32
		{3702DB5A-C966-4133-824F-5958F4BF9BCF}.FZRetail-SSE2|Win32.Build.0 = FZRetail-SSE2|Win32
		{3702DB5A-C966-4133-824F-5958F4BF9BCF}.FZRetail-SSE2|X64.ActiveCfg = FZRetail-SSE2|X64
		{3702DB5A-C966-4133-824F-5958F4BF9BCF}.FZRetail-SSE2|X64.Build.0 = FZRetail-SSE2|X64
		{05EAD557-56B0-4070-83F0-8A2B6FB9C54D}.FZDebug|Win32.ActiveCfg = FZDebug|Win32
		{05EAD557-56B0-4070-83F0-8A2B6FB9C54D}.FZDebug|Win32.Build.0 = FZDebug|Win32
		{05EAD557-56B0-4070-83F0-8A2B6FB9C54D}.FZDebug|X64.ActiveCfg = FZDebug|X64
		{05EAD557-56B0-4070-83F0-8A2B6FB9C54D}.FZDebug|X64.Build.0 = FZDebug|X64
		{05EAD557-56B0-4070-83F0-8A2B6FB9C54D}.FZRetail|Win32.ActiveCfg = FZRetail|Win32
		{05EAD557-56B0-4070-83F0-8A2B6FB9C54D}.FZRetail|Win32.Build.0 = FZRetail|Win32
		{05EAD557-56B0-4070-83F0-8A2B6FB9C54D}.FZRetail|X64.ActiveCfg = FZRetail|X64
		{05EAD557-56B0-4070-83F0-8A2B6FB9C54D}.FZRetail|X64.Build.0 = FZRetail|X64
		{05EAD557-56B0-4070-83F0-8A2B6FB9C54D}.FZRetail-PGO|Win32.ActiveCfg = FZRetail-Optimized|Win32
		{05EAD557-56B0-4070-83F0-8A2B6FB9C54D}.FZRetail-PGO|Win32.Build.0 = FZRetail-Optimized|Win32
		{05EAD557-56B0-4070-83F0-8A2B6FB9C54D}.FZRetail-PGO|X64.ActiveCfg = FZRetail-Optimized|X64
		{05EAD557-56B0-4070-83F0-8A2B6FB9C54D}.FZRetail-PGO|X64.Build.0 = FZRetail-Optimized|X64
		{05EAD557-56B0-4070-83F0-8A2B6FB9C54D}.FZRetail-PGOInstrument|Win32.ActiveCfg = FZRetail-Instrumented|Win32
		{05EAD557-56B0-4070-83F0-8A2B6FB9C54D}.FZRetail-PGOInstrument|Win32.Build.0 = FZRetail-Instrumented|Win32
		{05EAD557-56B0-4070-83F0-8A2B6FB9C54D}.FZRetail-PGOInstrument|X64.ActiveCfg = FZRetail-Instrumented|X64
		{05EAD557-56B0-4070-83F0-8A2B6FB9C54D}.FZRetail-PGOInstrument|X64.Build.0 = FZRetail-Instrumented|X64
		{05EAD557-56B0-4070-83F0-8A2B6FB9C54D}.FZRetail-SSE2|Win32.ActiveCfg = FZRetail-SSE2|Win32
		{05EAD557-56B0-4070-83F0-8A2B6FB9C54D}.FZRetail-SSE2|Win32.Build.0 = FZRetail-SSE2|Win32
		{05EAD557-56B0-4070-83F0-8A2B6FB9C54D}.FZRetail-SSE2|X64.ActiveCfg = FZRetail-SSE2|X64
		{05EAD557-56B0-4070-83F0-8A2B6FB9C54D}.FZRetail-SSE2|X64.Build.0 = FZRetail-SSE2|X64
		{181139DC-F4E7-446B-B8DD-C195691B34CA}.FZDebug|Win32.ActiveCfg = FZDebug|Win32
		{181139DC-F4E7-446B-B8DD-C195691B34CA}.FZDebug|Win32.Build.0 = FZDebug|Win32
		{181139DC-F4E7-446B-B8DD-C195691B34CA}.FZDebug|X64.ActiveCfg = FZDebug|X64
		{181139DC-F4E7-446B-B8DD-C195691B34CA}.FZDebug|X64.Build.0 = FZDebug|X64
		{181139DC-F4E7-446B-B8DD-C195691B34CA}.FZRetail|Win32.ActiveCfg = FZRetail|Win32
		{181139DC-F4E7-446B-B8DD-C195691B34CA}.FZRetail|Win32.Build.0 = FZRetail|Win32
		{181139DC-F4E7-446B-B8DD-C195691B34CA}.FZRetail|X64.ActiveCfg = FZRetail|X64
		{181139DC-F4E7-446B-B8DD-C195691B34CA}.FZRetail|X64.Build.0 = FZRetail|X64
		{181139DC-F4E7-446B-B8DD-C195691B34CA}.FZRetail-PGO|Win32.ActiveCfg = FZRetail-Optimized|Win32
		{181139DC-F4E7-446B-B8DD-C195691B34CA}.FZRetail-PGO|Win32.Build.0 = FZRetail-Optimized|Win32
		{181139DC-F4E7-446B-B8DD-C195691B34CA}.FZRetail-PGO|X64.ActiveCfg = FZRetail-Optimized|X64
		{181139DC-F4E7-446B-B8DD-C195691B34CA}.FZRetail-PGO|X64.Build.0 = FZRetail-Optimized|X64
		{181139DC-F4E7-446B-B8DD-C195691B34CA}.FZRetail-PGOInstrument|Win32.ActiveCfg = FZRetail-Instrumented|Win32
		{181139DC-F4E7-446B-B8DD-C195691B34CA}.FZRetail-PGOInstrument|Win32.Build.0 = FZRetail-Instrumented|Win32
		{181139DC-F4E7-446B-B8DD-C195691B34CA}.FZRetail-PGOInstrument|X64.ActiveCfg = FZRetail-Instrumented|X64
		{181139DC-F4E7-446B-B8DD-C195691B34CA}.FZRetail-PGOInstrument|X64.Build.0 = FZRetail-Instrumented|X64
		{181139DC-F4E7-446B-B8DD-C195691B34CA}.FZRetail-SSE2|Win32.ActiveCfg = FZRetail-SSE2|Win32
		{181139DC-F4E7-446B-B8DD-C195691B34CA}.FZRetail-SSE2|Win32.Build.0 = FZRetail-SSE2|Win32
		{181139DC-F4E7-446B-B8DD-C195691B34CA}.FZRetail-SSE2|X64.ActiveCfg = FZRetail-SSE2|X64
		{181139DC-F4E7-446B-B8DD-C195691B34CA}.FZRetail-SSE2|X64.Build.0 = FZRetail-SSE2|X64
		{3A317555-E8A3-494D-BF0D-CE93E40C920B}.FZDebug|Win32.ActiveCfg = FZDebug|Win32
		{3A317555-E8A3-494D-BF0D-CE93E40C920B}.FZDebug|Win32.Build.0 = FZDebug|Win32
		{3A317555-E8A3-494D-BF0D-CE93E40C920B}.FZDebug|X64.ActiveCfg = FZDebug|X64
		{3A317555-E8A3-494D-BF0D-CE93E40C920B}.FZDebug|X64.Build.0 = FZDebug|X64
		{3A317555-E8A3-494D-BF0D-CE93E40C920B}.FZRetail|Win32.ActiveCfg = FZRetail|Win32
		{3A317555-E8A3-494D-BF0D-CE93E40C920B}.FZRetail|Win32.Build.0 = FZRetail|Win32
		{3A317555-E8A3-494D-BF0D-CE93E40C920B}.FZRetail|X64.ActiveCfg = FZRetail|X64
		{3A317555-E8A3-494D-BF0D-CE93E40C920B}.FZRetail|X64.Build.0 = FZRetail|X64
		{3A317555-E8A3-494D-BF0D-CE93E40C920B}.FZRetail-PGO|Win32.ActiveCfg = FZRetail-Optimized|Win32
		{3A317555-E8A3-494D-BF0D-CE93E40C920B}.FZRetail-PGO|X64.ActiveCfg = FZRetail-Optimized|X64
		{3A317555-E8A3-494D-BF0D-CE93E40C920B}.FZRetail-PGO|X64.Build.0 = FZRetail-Optimized|X64
		{3A317555-E8A3-494D-BF0D-CE93E40C920B}.FZRetail-PGOInstrument|Win32.ActiveCfg = FZRetail-Instrumented|Win32
		{3A317555-E8A3-494D-BF0D-CE93E40C920B}.FZRetail-PGOInstrument|X64.ActiveCfg = FZRetail-Instrumented|X64
		{3A317555-E8A3-494D-BF0D-CE93E40C920B}.FZRetail-PGOInstrument|X64.Build.0 = FZRetail-Instrumented|X64
		{3A317555-E8A3-494D-BF0D-CE93E40C920B}.FZRetail-SSE2|Win32.ActiveCfg = FZRetail-SSE2|Win32
		{3A317555-E8A3-494D-BF0D-CE93E40C920B}.FZRetail-SSE2|Win32.Build.0 = FZRetail-SSE2|Win32
		{3A317555-E8A3-494D-BF0D-CE93E40C920B}.FZRetail-SSE2|X64.ActiveCfg = FZRetail-SSE2|X64
		{3A317555-E8A3-494D-BF0D-CE93E40C920B}.FZRetail-SSE2|X64.Build.0 = FZRetail-SSE2|X64
		{A8E7888A-84AC-485E-9FB2-35382C003E0B}.FZDebug|Win32.ActiveCfg = FZDebug|Win32
		{A8E7888A-84AC-485E-9FB2-35382C003E0B}.FZDebug|Win32.Build.0 = FZDebug|Win32
		{A8E7888A-84AC-485E-9FB2-35382C003E0B}.FZDebug|X64.ActiveCfg = FZDebug|X64
		{A8E7888A-84AC-485E-9FB2-35382C003E0B}.FZDebug|X64.Build.0 = FZDebug|X64
		{A8E7888A-84AC-485E-9FB2-35382C003E0B}.FZRetail|Win32.ActiveCfg = FZRetail|Win32
		{A8E7888A-84AC-485E-9FB2-35382C003E0B}.FZRetail|Win32.Build.0 = FZRetail|Win32
		{A8E7888A-84AC-485E-9FB2-35382C003E0B}.FZRetail|X64.ActiveCfg = FZRetail|X64
		{A8E7888A-84AC-485E-9FB2-35382C003E0B}.FZRetail|X64.Build.0 = FZRetail|X64
		{A8E7888A-84AC-485E-9FB2-35382C003E0B}.FZRetail-PGO|Win32.ActiveCfg = FZRetail-Optimized|Win32
		{A8E7888A-84AC-485E-9FB2-35382C003E0B}.FZRetail-PGO|Win32.Build.0 = FZRetail-Optimized|Win32
		{A8E7888A-84AC-485E-9FB2-35382C003E0B}.FZRetail-PGO|X64.ActiveCfg = FZRetail-Optimized|X64
		{A8E7888A-84AC-485E-9FB2-35382C003E0B}.FZRetail-PGO|X64.Build.0 = FZRetail-Optimized|X64
		{A8E7888A-84AC-485E-9FB2-35382C003E0B}.FZRetail-PGOInstrument|Win32.ActiveCfg = FZRetail-Instrumented|Win32
		{A8E7888A-84AC-485E-9FB2-35382C003E0B}.FZRetail-PGOInstrument|Win32.Build.0 = FZRetail-Instrumented|Win32
		{A8E7888A-84AC-485E-9FB2-35382C003E0B}.FZRetail-PGOInstrument|X64.ActiveCfg = FZRetail-Instrumented|X64
		{A8E7888A-84AC-485E-9FB2-35382C003E0B}.FZRetail-PGOInstrument|X64.Build.0 = FZRetail-Instrumented|X64
		{A8E7888A-84AC-485E-9FB2-35382C003E0B}.FZRetail-SSE2|Win32.ActiveCfg = FZRetail-SSE2|Win32
		{A8E7888A-84AC-485E-9FB2-35382C003E0B}.FZRetail-SSE2|Win32.Build.0 = FZRetail-SSE2|Win32
		{A8E7888A-84AC-485E-9FB2-35382C003E0B}.FZRetail-SSE2|X64.ActiveCfg = FZRetail-SSE2|X64
		{A8E7888A-84AC-485E-9FB2-35382C003E0B}.FZRetail-SSE2|X64.Build.0 = FZRetail-SSE2|X64
		{1695996C-F698-4509-BF5C-ADE10ADA67F9}.FZDebug|Win32.ActiveCfg = FZDebug|Win32
		{1695996C-F698-4509-BF5C-ADE10ADA67F9}.FZDebug|Win32.Build.0 = FZDebug|Win32
		{1695996C-F698-4509-BF5C-ADE10ADA67F9}.FZDebug|X64.ActiveCfg = FZDebug|X64
		{1695996C-F698-4509-BF5C-ADE10ADA67F9}.FZDebug|X64.Build.0 = FZDebug|X64
		{1695996C-F698-4509-BF5C-ADE10ADA67F9}.FZRetail|Win32.ActiveCfg = FZRetail|Win32
		{1695996C-F698-4509-BF5C-ADE10ADA67F9}.FZRetail|Win32.Build.0 = FZRetail|Win32
		{1695996C-F698-4509-BF5C-ADE10ADA67F9}.FZRetail|X64.ActiveCfg = FZRetail|X64
		{1695996C-F698-4509-BF5C-ADE10ADA67F9}.FZRetail|X64.Build.0 = FZRetail|X64
		{1695996C-F698-4509-BF5C-ADE10ADA67F9}.FZRetail-PGO|Win32.ActiveCfg = FZRetail-Optimized|Win32
		{1695996C-F698-4509-BF5C-ADE10ADA67F9}.FZRetail-PGO|Win32.Build.0 = FZRetail-Optimized|Win32
		{1695996C-F698-4509-BF5C-ADE10ADA67F9}.FZRetail-PGO|X64.ActiveCfg = FZRetail-Optimized|X64
		{1695996C-F698-4509-BF5C-ADE10ADA67F9}.FZRetail-PGO|X64.Build.0 = FZRetail-Optimized|X64
		{1695996C-F698-4509-BF5C-ADE10ADA67F9}.FZRetail-PGOInstrument|Win32.ActiveCfg = FZRetail-Instrumented|Win32
		{1695996C-F698-4509-BF5C-ADE10ADA67F9}.FZRetail-PGOInstrument|Win32.Build.0 = FZRetail-Instrumented|Win32
		{1695996C-F698-4509-BF5C-ADE10ADA67F9}.FZRetail-PGOInstrument|X64.ActiveCfg = FZRetail-Instrumented|X64
		{1695996C-F698-4509-BF5C-ADE10ADA67F9}.FZRetail-PGOInstrument|X64.Build.0 = FZRetail-Instrumented|X64
		{1695996C-F698-4509-BF5C-ADE10ADA67F9}.FZRetail-SSE2|Win32.ActiveCfg = FZRetail-SSE2|Win32
		{1695996C-F698-4509-BF5C-ADE10ADA67F9}.FZRetail-SSE2|Win32.Build.0 = FZRetail-SSE2|Win32
		{1695996C-F698-4509-BF5C-ADE10ADA67F9}.FZRetail-SSE2|X64.ActiveCfg = FZRetail-SSE2|X64
		{1695996C-F698-4509-BF5C-ADE10ADA67F9}.FZRetail-SSE2|X64.Build.0 = FZRetail-SSE2|X64
		{F150276A-D7D8-4C24-AA41-170A6F3D4CF9}.FZDebug|Win32.ActiveCfg = FZDebug|Win32
		{F150276A-D7D8-4C24-AA41-170A6F3D4CF9}.FZDebug|Win32.Build.0 = FZDebug|Win32
		{F150276A-D7D8-4C24-AA41-170A6F3D4CF9}.FZDebug|X64.ActiveCfg = FZDebug|X64
		{F150276A-D7D8-4C24-AA41-170A6F3D4CF9}.FZDebug|X64.Build.0 = FZDebug|X64
		{F150276A-D7D8-4C24-AA41-170A6F3D4CF9}.FZRetail|Win32.ActiveCfg = FZRetail|Win32
		{F150276A-D7D8-4C24-AA41-170A6F3D4CF9}.FZRetail|Win32.Build.0 = FZRetail|Win32
		{F150276A-D7D8-4C24-AA41-170A6F3D4CF9}.FZRetail|X64.ActiveCfg = FZRetail|X64
		{F150276A-D7D8-4C24-AA41-170A6F3D4CF9}.FZRetail|X64.Build.0 = FZRetail|X64
		{F150276A-D7D8-4C24-AA41-170A6F3D4CF9}.FZRetail-PGO|Win32.ActiveCfg = FZRetail-Optimized|Win32
		{F150276A-D7D8-4C24-AA41-170A6F3D4CF9}.FZRetail-PGO|X64.ActiveCfg = FZRetail-Optimized|X64
		{F150276A-D7D8-4C24-AA41-170A6F3D4CF9}.FZRetail-PGO|X64.Build.0 = FZRetail-Optimized|X64
		{F150276A-D7D8-4C24-AA41-170A6F3D4CF9}.FZRetail-PGOInstrument|Win32.ActiveCfg = FZRetail-Instrumented|Win32
		{F150276A-D7D8-4C24-AA41-170A6F3D4CF9}.FZRetail-PGOInstrument|X64.ActiveCfg = FZRetail-Instrumented|X64
		{F150276A-D7D8-4C24-AA41-170A6F3D4CF9}.FZRetail-PGOInstrument|X64.Build.0 = FZRetail-Instrumented|X64
		{F150276A-D7D8-4C24-AA41-170A6F3D4CF9}.FZRetail-SSE2|Win32.ActiveCfg = FZRetail-SSE2|Win32
		{F150276A-D7D8-4C24-AA41-170A6F3D4CF9}.FZRetail-SSE2|Win32.Build.0 = FZRetail-SSE2|Win32
		{F150276A-D7D8-4C24-AA41-170A6F3D4CF9}.FZRetail-SSE2|X64.ActiveCfg = FZRetail-SSE2|X64
		{F150276A-D7D8-4C24-AA41-170A6F3D4CF9}.FZRetail-SSE2|X64.Build.0 = FZRetail-SSE2|X64
		{97B8370B-16BC-4A2F-A0FE-4BEEF2EAED42}.FZDebug|Win32.ActiveCfg = FZDebug|Win32
		{97B8370B-16BC-4A2F-A0FE-4BEEF2EAED42}.FZDebug|Win32.Build.0 = FZDebug|Win32
		{97B8370B-16BC-4A2F-A0FE-4BEEF2EAED42}.FZDebug|X64.ActiveCfg = FZDebug|X64
		{97B8370B-16BC-4A2F-A0FE-4BEEF2EAED42}.FZDebug|X64.Build.0 = FZDebug|X64
		{97B8370B-16BC-4A2F-A0FE-4BEEF2EAED42}.FZRetail|Win32.ActiveCfg = FZRetail|Win32
		{97B8370B-16BC-4A2F-A0FE-4BEEF2EAED42}.FZRetail|Win32.Build.0 = FZRetail|Win32
		{97B8370B-16BC-4A2F-A0FE-4BEEF2EAED42}.FZRetail|X64.ActiveCfg = FZRetail|X64
		{97B8370B-16BC-4A2F-A0FE-4BEEF2EAED42}.FZRetail|X64.Build.0 = FZRetail|X64
		{97B8370B-16BC-4A2F-A0FE-4BEEF2EAED42}.FZRetail-PGO|Win32.ActiveCfg = FZRetail-Optimized|Win32
		{97B8370B-16BC-4A2F-A0FE-4BEEF2EAED42}.FZRetail-PGO|Win32.Build.0 = FZRetail-Optimized|Win32
		{97B8370B-16BC-4A2F-A0FE-4BEEF2EAED42}.FZRetail-PGO|X64.ActiveCfg = FZRetail-Optimized|X64
		{97B8370B-16BC-4A2F-A0FE-4BEEF2EAED42}.FZRetail-PGO|X64.Build.0 = FZRetail-Optimized|X64
		{97B8370B-16BC-4A2F-A0FE-4BEEF2EAED42}.FZRetail-PGOInstrument|Win32.ActiveCfg = FZRetail-Instrumented|Win32
		{97B8370B-16BC-4A2F-A0FE-4BEEF2EAED42}.FZRetail-PGOInstrument|Win32.Build.0 = FZRetail-Instrumented|Win32
		{97B8370B-16BC-4A2F-A0FE-4BEEF2EAED42}.FZRetail-PGOInstrument|X64.ActiveCfg = FZRetail-Instrumented|X64
		{97B8370B-16BC-4A2F-A0FE-4BEEF2EAED42}.FZRetail-PGOInstrument|X64.Build.0 = FZRetail-Instrumented|X64
		{97B8370B-16BC-4A2F-A0FE-4BEEF2EAED42}.FZRetail-SSE2|Win32.ActiveCfg = FZRetail-SSE2|Win32
		{97B8370B-16BC-4A2F-A0FE-4BEEF2EAED42}.FZRetail-SSE2|Win32.Build.0 = FZRetail-SSE2|Win32
		{97B8370B-16BC-4A2F-A0FE-4BEEF2EAED42}.FZRetail-SSE2|X64.ActiveCfg = FZRetail-SSE2|X64
		{97B8370B-16BC-4A2F-A0FE-4BEEF2EAED42}.FZRetail-SSE2|X64.Build.0 = FZRetail-SSE2|X64
		{281F3AC6-FAD1-40F4-B798-F634A6162D39}.FZDebug|Win32.ActiveCfg = FZDebug|Win32
		{281F3AC6-FAD1-40F4-B798-F634A6162D39}.FZDebug|Win32.Build.0 = FZDebug|Win32
		{281F3AC6-FAD1-40F4-B798-F634A6162D39}.FZDebug|X64.ActiveCfg = FZDebug|X64
		{281F3AC6-FAD1-40F4-B798-F634A6162D39}.FZDebug|X64.Build.0 = FZDebug|X64
		{281F3AC6-FAD1-40F4-B798-F634A6162D39}.FZRetail|Win32.ActiveCfg = FZRetail|Win32
		{281F3AC6-FAD1-40F4-B798-F634A6162D39}.FZRetail|Win32.Build.0 = FZRetail|Win32
		{281F3AC6-FAD1-40F4-B798-F634A6162D39}.FZRetail|X64.ActiveCfg = FZRetail|X64
		{281F3AC6-FAD1-40F4-B798-F634A6162D39}.FZRetail|X64.Build.0 = FZRetail|X64
		{281F3AC6-FAD1-40F4-B798-F634A6162D39}.FZRetail-PGO|Win32.ActiveCfg = FZRetail-Optimized|Win32
		{281F3AC6-FAD1-40F4-B798-F634A6162D39}.FZRetail-PGO|Win32.Build.0 = FZRetail-Optimized|Win32
		{281F3AC6-FAD1-40F4-B798-F634A6162D39}.FZRetail-PGO|X64.ActiveCfg = FZRetail-Optimized|X64
		{281F3AC6-FAD1-40F4-B798-F634A6162D39}.FZRetail-PGO|X64.Build.0 = FZRetail-Optimized|X64
		{281F3AC6-FAD1-40F4-B798-F634A6162D39}.FZRetail-PGOInstrument|Win32.ActiveCfg = FZRetail-Instrumented|Win32
		{281F3AC6-FAD1-40F4-B798-F634A6162D39}.FZRetail-PGOInstrument|Win32.Build.0 = FZRetail-Instrumented|Win32
		{281F3AC6-FAD1-40F4-B798-F634A6162D39}.FZRetail-PGOInstrument|X64.ActiveCfg = FZRetail-Instrumented|X64
		{281F3AC6-FAD1-40F4-B798-F634A6162D39}.FZRetail-PGOInstrument|X64.Build.0 = FZRetail-Instrumented|X64
		{281F3AC6-FAD1-40F4-B798-F634A6162D39}.FZRetail-SSE2|Win32.ActiveCfg = FZRetail-SSE2|Win32
		{281F3AC6-FAD1-40F4-B798-F634A6162D39}.FZRetail-SSE2|Win32.Build.0 = FZRetail-SSE2|Win32
		{281F3AC6-FAD1-40F4-B798-F634A6162D39}.FZRetail-SSE2|X64.ActiveCfg = FZRetail-SSE2|X64
		{281F3AC6-FAD1-40F4-B798-F634A6162D39}.FZRetail-SSE2|X64.Build.0 = FZRetail-SSE2|X64
		{D619B179-7FC4-4DB6-9794-1D3C75717D15}.FZDebug|Win32.ActiveCfg = FZDebug|Win32
		{D619B179-7FC4-4DB6-9794-1D3C75717D15}.FZDebug|Win32.Build.0 = FZDebug|Win32
		{D619B179-7FC4-4DB6-9794-1D3C75717D15}.FZDebug|X64.ActiveCfg = FZDebug|X64
		{D619B179-7FC4-4DB6-9794-1D3C75717D15}.FZDebug|X64.Build.0 = FZDebug|X64
		{D619B179-7FC4-4DB6-9794-1D3C75717D15}.FZRetail|Win32.ActiveCfg = FZRetail|Win32
		{D619B179-7FC4-4DB6-9794-1D3C75717D15}.FZRetail|Win32.Build.0 = FZRetail|Win32
		{D619B179-7FC4-4DB6-9794-1D3C75717D15}.FZRetail|X64.ActiveCfg = FZRetail|X64
		{D619B179-7FC4-4DB6-9794-1D3C75717D15}.FZRetail|X64.Build.0 = FZRetail|X64
		{D619B179-7FC4-4DB6-9794-1D3C75717D15}.FZRetail-PGO|Win32.ActiveCfg = FZRetail-Optimized|Win32
		{D619B179-7FC4-4DB6-9794-1D3C75717D15}.FZRetail-PGO|Win32.Build.0 = FZRetail-Optimized|Win32
		{D619B179-7FC4-4DB6-9794-1D3C75717D15}.FZRetail-PGO|X64.ActiveCfg = FZRetail-Optimized|X64
		{D619B179-7FC4-4DB6-9794-1D3C75717D15}.FZRetail-PGO|X64.Build.0 = FZRetail-Optimized|X64
		{D619B179-7FC4-4DB6-9794-1D3C75717D15}.FZRetail-PGOInstrument|Win32.ActiveCfg = FZRetail-Instrumented|Win32
		{D619B179-7FC4-4DB6-9794-1D3C75717D15}.FZRetail-PGOInstrument|Win32.Build.0 = FZRetail-Instrumented|Win32
		{D619B179-7FC4-4DB6-9794-1D3C75717D15}.FZRetail-PGOInstrument|X64.ActiveCfg = FZRetail-Instrumented|X64
		{D619B179-7FC4-4DB6-9794-1D3C75717D15}.FZRetail-PGOInstrument|X64.Build.0 = FZRetail-Instrumented|X64
		{D619B179-7FC4-4DB6-9794-1D3C75717D15}.FZRetail-SSE2|Win32.ActiveCfg = FZRetail-SSE2|Win32
		{D619B179-7FC4-4DB6-9794-1D3C75717D15}.FZRetail-SSE2|Win32.Build.0 = FZRetail-SSE2|Win32
		{D619B179-7FC4-4DB6-9794-1D3C75717D15}.FZRetail-SSE2|X64.ActiveCfg = FZRetail-SSE2|X64
		{D619B179-7FC4-4DB6-9794-1D3C75717D15}.FZRetail-SSE2|X64.Build.0 = FZRetail-SSE2|X64
		{4F83287A-FF3C-4333-AD5F-C00B86CF0895}.FZDebug|Win32.ActiveCfg = FZDebug|Win32
		{4F83287A-FF3C-4333-AD5F-C00B86CF0895}.FZDebug|Win32.Build.0 = FZDebug|Win32
		{4F83287A-FF3C-4333-AD5F-C00B86CF0895}.FZDebug|X64.ActiveCfg = FZDebug|X64
		{4F83287A-FF3C-4333-AD5F-C00B86CF0895}.FZDebug|X64.Build.0 = FZDebug|X64
		{4F83287A-FF3C-4333-AD5F-C00B86CF0895}.FZRetail|Win32.ActiveCfg = FZRetail|Win32
		{4F83287A-FF3C-4333-AD5F-C00B86CF0895}.FZRetail|Win32.Build.0 = FZRetail|Win32
		{4F83287A-FF3C-4333-AD5F-C00B86CF0895}.FZRetail|X64.ActiveCfg = FZRetail|X64
		{4F83287A-FF3C-4333-AD5F-C00B86CF0895}.FZRetail|X64.Build.0 = FZRetail|X64
		{4F83287A-FF3C-4333-AD5F-C00B86CF0895}.FZRetail-PGO|Win32.ActiveCfg = FZRetail-Optimized|Win32
		{4F83287A-FF3C-4333-AD5F-C00B86CF0895}.FZRetail-PGO|Win32.Build.0 = FZRetail-Optimized|Win32
		{4F83287A-FF3C-4333-AD5F-C00B86CF0895}.FZRetail-PGO|X64.ActiveCfg = FZRetail-Optimized|X64
		{4F83287A-FF3C-4333-AD5F-C00B86CF0895}.FZRetail-PGO|X64.Build.0 = FZRetail-Optimized|X64
		{4F83287A-FF3C-4333-AD5F-C00B86CF0895}.FZRetail-PGOInstrument|Win32.ActiveCfg = FZRetail-Instrumented|Win32
		{4F83287A-FF3C-4333-AD5F-C00B86CF0895}.FZRetail-PGOInstrument|Win32.Build.0 = FZRetail-Instrumented|Win32
		{4F83287A-FF3C-4333-AD5F-C00B86CF0895}.FZRetail-PGOInstrument|X64.ActiveCfg = FZRetail-Instrumented|X64
		{4F83287A-FF3C-4333-AD5F-C00B86CF0895}.FZRetail-PGOInstrument|X64.Build.0 = FZRetail-Instrumented|X64
		{4F83287A-FF3C-4333-AD5F-C00B86CF0895}.FZRetail-SSE2|Win32.ActiveCfg = FZRetail-SSE2|Win32
		{4F83287A-FF3C-4333-AD5F-C00B86CF0895}.FZRetail-SSE2|Win32.Build.0 = FZRetail-SSE2|Win32
		{4F83287A-FF3C-4333-AD5F-C00B86CF0895}.FZRetail-SSE2|X64.ActiveCfg = FZRetail-SSE2|X64
		{4F83287A-FF3C-4333-AD5F-C00B86CF0895}.FZRetail-SSE2|X64.Build.0 = FZRetail-SSE2|X64
		{92B20638-9867-4DF3-B7EB-297352479E19}.FZDebug|Win32.ActiveCfg = FZDebug|Win32
		{92B20638-9867-4DF3-B7EB-297352479E19}.FZDebug|Win32.Build.0 = FZDebug|Win32
		{92B20638-9867-4DF3-B7EB-297352479E19}.FZDebug|X64.ActiveCfg = FZDebug|Win32
		{92B20638-9867-4DF3-B7EB-297352479E19}.FZRetail|Win32.ActiveCfg = FZRetail|Win32
		{92B20638-9867-4DF3-B7EB-297352479E19}.FZRetail|Win32.Build.0 = FZRetail|Win32
		{92B20638-9867-4DF3-B7EB-297352479E19}.FZRetail|X64.ActiveCfg = FZDebug|Win32
		{92B20638-9867-4DF3-B7EB-297352479E19}.FZRetail-PGO|Win32.ActiveCfg = FZDebug|Win32
		{92B20638-9867-4DF3-B7EB-297352479E19}.FZRetail-PGO|Win32.Build.0 = FZDebug|Win32
		{92B20638-9867-4DF3-B7EB-297352479E19}.FZRetail-PGO|X64.ActiveCfg = FZDebug|Win32
		{92B20638-9867-4DF3-B7EB-297352479E19}.FZRetail-PGOInstrument|Win32.ActiveCfg = FZDebug|Win32
		{92B20638-9867-4DF3-B7EB-297352479E19}.FZRetail-PGOInstrument|Win32.Build.0 = FZDebug|Win32
		{92B20638-9867-4DF3-B7EB-297352479E19}.FZRetail-PGOInstrument|X64.ActiveCfg = FZDebug|Win32
		{92B20638-9867-4DF3-B7EB-297352479E19}.FZRetail-SSE2|Win32.ActiveCfg = FZDebug|Win32
		{92B20638-9867-4DF3-B7EB-297352479E19}.FZRetail-SSE2|Win32.Build.0 = FZDebug|Win32
		{92B20638-9867-4DF3-B7EB-297352479E19}.FZRetail-SSE2|X64.ActiveCfg = FZDebug|Win32
		{20776B9F-8C2D-42F9-8800-386F5DA8A4A4}.FZDebug|Win32.ActiveCfg = FZDebug|Win32
		{20776B9F-8C2D-42F9-8800-386F5DA8A4A4}.FZDebug|Win32.Build.0 = FZDebug|Win32
		{20776B9F-8C2D-42F9-8800-386F5DA8A4A4}.FZDebug|X64.ActiveCfg = FZDebug|Win32
		{20776B9F-8C2D-42F9-8800-386F5DA8A4A4}.FZRetail|Win32.ActiveCfg = FZRetail|Win32
		{20776B9F-8C2D-42F9-8800-386F5DA8A4A4}.FZRetail|Win32.Build.0 = FZRetail|Win32
		{20776B9F-8C2D-42F9-8800-386F5DA8A4A4}.FZRetail|X64.ActiveCfg = FZRetail|Win32
		{20776B9F-8C2D-42F9-8800-386F5DA8A4A4}.FZRetail-PGO|Win32.ActiveCfg = FZRetail|Win32
		{20776B9F-8C2D-42F9-8800-386F5DA8A4A4}.FZRetail-PGO|Win32.Build.0 = FZRetail|Win32
		{20776B9F-8C2D-42F9-8800-386F5DA8A4A4}.FZRetail-PGO|X64.ActiveCfg = FZRetail|Win32
		{20776B9F-8C2D-42F9-8800-386F5DA8A4A4}.FZRetail-PGOInstrument|Win32.ActiveCfg = FZRetail|Win32
		{20776B9F-8C2D-42F9-8800-386F5DA8A4A4}.FZRetail-PGOInstrument|Win32.Build.0 = FZRetail|Win32
		{20776B9F-8C2D-42F9-8800-386F5DA8A4A4}.FZRetail-PGOInstrument|X64.ActiveCfg = FZRetail|Win32
		{20776B9F-8C2D-42F9-8800-386F5DA8A4A4}.FZRetail-SSE2|Win32.ActiveCfg = FZRetail|Win32
		{20776B9F-8C2D-42F9-8800-386F5DA8A4A4}.FZRetail-SSE2|Win32.Build.0 = FZRetail|Win32
		{20776B9F-8C2D-42F9-8800-386F5DA8A4A4}.FZRetail-SSE2|X64.ActiveCfg = FZRetail|Win32
		{CAFFB3DB-EADD-46A1-ABAE-3A341011B0A6}.FZDebug|Win32.ActiveCfg = FZDebug|Win32
		{CAFFB3DB-EADD-46A1-ABAE-3A341011B0A6}.FZDebug|Win32.Build.0 = FZDebug|Win32
		{CAFFB3DB-EADD-46A1-ABAE-3A341011B0A6}.FZDebug|X64.ActiveCfg = FZDebug|Win32
		{CAFFB3DB-EADD-46A1-ABAE-3A341011B0A6}.FZRetail|Win32.ActiveCfg = FZRetail|Win32
		{CAFFB3DB-EADD-46A1-ABAE-3A341011B0A6}.FZRetail|Win32.Build.0 = FZRetail|Win32
		{CAFFB3DB-EADD-46A1-ABAE-3A341011B0A6}.FZRetail|X64.ActiveCfg = FZRetail|Win32
		{CAFFB3DB-EADD-46A1-ABAE-3A341011B0A6}.FZRetail-PGO|Win32.ActiveCfg = FZRetail|Win32
		{CAFFB3DB-EADD-46A1-ABAE-3A341011B0A6}.FZRetail-PGO|Win32.Build.0 = FZRetail|Win32
		{CAFFB3DB-EADD-46A1-ABAE-3A341011B0A6}.FZRetail-PGO|X64.ActiveCfg = FZRetail|Win32
		{CAFFB3DB-EADD-46A1-ABAE-3A341011B0A6}.FZRetail-PGOInstrument|Win32.ActiveCfg = FZRetail|Win32
		{CAFFB3DB-EADD-46A1-ABAE-3A341011B0A6}.FZRetail-PGOInstrument|Win32.Build.0 = FZRetail|Win32
		{CAFFB3DB-EADD-46A1-ABAE-3A341011B0A6}.FZRetail-PGOInstrument|X64.ActiveCfg = FZRetail|Win32
		{CAFFB3DB-EADD-46A1-ABAE-3A341011B0A6}.FZRetail-SSE2|Win32.ActiveCfg = FZRetail|Win32
		{CAFFB3DB-EADD-46A1-ABAE-3A341011B0A6}.FZRetail-SSE2|Win32.Build.0 = FZRetail|Win32
		{CAFFB3DB-EADD-46A1-ABAE-3A341011B0A6}.FZRetail-SSE2|X64.ActiveCfg = FZRetail|Win32
		{9EDD4786-4508-4F99-89D1-12FA255AC6A3}.FZDebug|Win32.ActiveCfg = FZDebug|Win32
		{9EDD4786-4508-4F99-89D1-12FA255AC6A3}.FZDebug|X64.ActiveCfg = FZDebug|Win32
		{9EDD4786-4508-4F99-89D1-12FA255AC6A3}.FZRetail|Win32.ActiveCfg = FZRetail|Win32
		{9EDD4786-4508-4F99-89D1-12FA255AC6A3}.FZRetail|X64.ActiveCfg = FZRetail|Win32
		{9EDD4786-4508-4F99-89D1-12FA255AC6A3}.FZRetail-PGO|Win32.ActiveCfg = FZRetail|Win32
		{9EDD4786-4508-4F99-89D1-12FA255AC6A3}.FZRetail-PGO|Win32.Build.0 = FZRetail|Win32
		{9EDD4786-4508-4F99-89D1-12FA255AC6A3}.FZRetail-PGO|X64.ActiveCfg = FZRetail|Win32
		{9EDD4786-4508-4F99-89D1-12FA255AC6A3}.FZRetail-PGOInstrument|Win32.ActiveCfg = FZRetail|Win32
		{9EDD4786-4508-4F99-89D1-12FA255AC6A3}.FZRetail-PGOInstrument|Win32.Build.0 = FZRetail|Win32
		{9EDD4786-4508-4F99-89D1-12FA255AC6A3}.FZRetail-PGOInstrument|X64.ActiveCfg = FZRetail|Win32
		{9EDD4786-4508-4F99-89D1-12FA255AC6A3}.FZRetail-SSE2|Win32.ActiveCfg = FZRetail|Win32
		{9EDD4786-4508-4F99-89D1-12FA255AC6A3}.FZRetail-SSE2|Win32.Build.0 = FZRetail|Win32
		{9EDD4786-4508-4F99-89D1-12FA255AC6A3}.FZRetail-SSE2|X64.ActiveCfg = FZRetail|Win32
		{4276FB1E-16D0-4463-89CE-2D33D78512B1}.FZDebug|Win32.ActiveCfg = FZDebug|Win32
		{4276FB1E-16D0-4463-89CE-2D33D78512B1}.FZDebug|X64.ActiveCfg = FZDebug|Win32
		{4276FB1E-16D0-4463-89CE-2D33D78512B1}.FZRetail|Win32.ActiveCfg = FZRetail|Win32
		{4276FB1E-16D0-4463-89CE-2D33D78512B1}.FZRetail|X64.ActiveCfg = FZRetail|Win32
		{4276FB1E-16D0-4463-89CE-2D33D78512B1}.FZRetail-PGO|Win32.ActiveCfg = FZRetail|Win32
		{4276FB1E-16D0-4463-89CE-2D33D78512B1}.FZRetail-PGO|Win32.Build.0 = FZRetail|Win32
		{4276FB1E-16D0-4463-89CE-2D33D78512B1}.FZRetail-PGO|X64.ActiveCfg = FZRetail|Win32
		{4276FB1E-16D0-4463-89CE-2D33D78512B1}.FZRetail-PGOInstrument|Win32.ActiveCfg = FZRetail|Win32
		{4276FB1E-16D0-4463-89CE-2D33D78512B1}.FZRetail-PGOInstrument|Win32.Build.0 = FZRetail|Win32
		{4276FB1E-16D0-4463-89CE-2D33D78512B1}.FZRetail-PGOInstrument|X64.ActiveCfg = FZRetail|Win32
		{4276FB1E-16D0-4463-89CE-2D33D78512B1}.FZRetail-SSE2|Win32.ActiveCfg = FZRetail|Win32
		{4276FB1E-16D0-4463-89CE-2D33D78512B1}.FZRetail-SSE2|Win32.Build.0 = FZRetail|Win32
		{4276FB1E-16D0-4463-89CE-2D33D78512B1}.FZRetail-SSE2|X64.ActiveCfg = FZRetail|Win32
		{6C3FDD5D-0F80-4A18-AA68-FB6348A32AA6}.FZDebug|Win32.ActiveCfg = FZDebug|Win32
		{6C3FDD5D-0F80-4A18-AA68-FB6348A32AA6}.FZDebug|X64.ActiveCfg = FZDebug|Win32
		{6C3FDD5D-0F80-4A18-AA68-FB6348A32AA6}.FZRetail|Win32.ActiveCfg = FZRetail|Win32
		{6C3FDD5D-0F80-4A18-AA68-FB6348A32AA6}.FZRetail|X64.ActiveCfg = FZRetail|Win32
		{6C3FDD5D-0F80-4A18-AA68-FB6348A32AA6}.FZRetail-PGO|Win32.ActiveCfg = FZRetail|Win32
		{6C3FDD5D-0F80-4A18-AA68-FB6348A32AA6}.FZRetail-PGO|Win32.Build.0 = FZRetail|Win32
		{6C3FDD5D-0F80-4A18-AA68-FB6348A32AA6}.FZRetail-PGO|X64.ActiveCfg = FZRetail|Win32
		{6C3FDD5D-0F80-4A18-AA68-FB6348A32AA6}.FZRetail-PGOInstrument|Win32.ActiveCfg = FZRetail|Win32
		{6C3FDD5D-0F80-4A18-AA68-FB6348A32AA6}.FZRetail-PGOInstrument|Win32.Build.0 = FZRetail|Win32
		{6C3FDD5D-0F80-4A18-AA68-FB6348A32AA6}.FZRetail-PGOInstrument|X64.ActiveCfg = FZRetail|Win32
		{6C3FDD5D-0F80-4A18-AA68-FB6348A32AA6}.FZRetail-SSE2|Win32.ActiveCfg = FZRetail|Win32
		{6C3FDD5D-0F80-4A18-AA68-FB6348A32AA6}.FZRetail-SSE2|Win32.Build.0 = FZRetail|Win32
		{6C3FDD5D-0F80-4A18-AA68-FB6348A32AA6}.FZRetail-SSE2|X64.ActiveCfg = FZRetail|Win32
		{53812B2F-C263-4528-BA9B-C3D87884D52D}.FZDebug|Win32.ActiveCfg = FZDebug|Win32
		{53812B2F-C263-4528-BA9B-C3D87884D52D}.FZDebug|X64.ActiveCfg = FZDebug|Win32
		{53812B2F-C263-4528-BA9B-C3D87884D52D}.FZRetail|Win32.ActiveCfg = FZRetail|Win32
		{53812B2F-C263-4528-BA9B-C3D87884D52D}.FZRetail|X64.ActiveCfg = FZRetail|Win32
		{53812B2F-C263-4528-BA9B-C3D87884D52D}.FZRetail-PGO|Win32.ActiveCfg = FZRetail|Win32
		{53812B2F-C263-4528-BA9B-C3D87884D52D}.FZRetail-PGO|Win32.Build.0 = FZRetail|Win32
		{53812B2F-C263-4528-BA9B-C3D87884D52D}.FZRetail-PGO|X64.ActiveCfg = FZRetail|Win32
		{53812B2F-C263-4528-BA9B-C3D87884D52D}.FZRetail-PGOInstrument|Win32.ActiveCfg = FZRetail|Win32
		{53812B2F-C263-4528-BA9B-C3D87884D52D}.FZRetail-PGOInstrument|Win32.Build.0 = FZRetail|Win32
		{53812B2F-C263-4528-BA9B-C3D87884D52D}.FZRetail-PGOInstrument|X64.ActiveCfg = FZRetail|Win32
		{53812B2F-C263-4528-BA9B-C3D87884D52D}.FZRetail-SSE2|Win32.ActiveCfg = FZRetail|Win32
		{53812B2F-C263-4528-BA9B-C3D87884D52D}.FZRetail-SSE2|Win32.Build.0 = FZRetail|Win32
		{53812B2F-C263-4528-BA9B-C3D87884D52D}.FZRetail-SSE2|X64.ActiveCfg = FZRetail|Win32
		{52C64275-DA32-486B-AB61-A617E5A07E0A}.FZDebug|Win32.ActiveCfg = FZDebug|Win32
		{52C64275-DA32-486B-AB61-A617E5A07E0A}.FZDebug|X64.ActiveCfg = FZDebug|Win32
		{52C64275-DA32-486B-AB61-A617E5A07E0A}.FZRetail|Win32.ActiveCfg = FZRetail|Win32
		{52C64275-DA32-486B-AB61-A617E5A07E0A}.FZRetail|X64.ActiveCfg = FZRetail|Win32
		{52C64275-DA32-486B-AB61-A617E5A07E0A}.FZRetail-PGO|Win32.ActiveCfg = FZRetail|Win32
		{52C64275-DA32-486B-AB61-A617E5A07E0A}.FZRetail-PGO|Win32.Build.0 = FZRetail|Win32
		{52C64275-DA32-486B-AB61-A617E5A07E0A}.FZRetail-PGO|X64.ActiveCfg = FZRetail|Win32
		{52C64275-DA32-486B-AB61-A617E5A07E0A}.FZRetail-PGOInstrument|Win32.ActiveCfg = FZRetail|Win32
		{52C64275-DA32-486B-AB61-A617E5A07E0A}.FZRetail-PGOInstrument|Win32.Build.0 = FZRetail|Win32
		{52C64275-DA32-486B-AB61-A617E5A07E0A}.FZRetail-PGOInstrument|X64.ActiveCfg = FZRetail|Win32
		{52C64275-DA32-486B-AB61-A617E5A07E0A}.FZRetail-SSE2|Win32.ActiveCfg = FZRetail|Win32
		{52C64275-DA32-486B-AB61-A617E5A07E0A}.FZRetail-SSE2|Win32.Build.0 = FZRetail|Win32
		{52C64275-DA32-486B-AB61-A617E5A07E0A}.FZRetail-SSE2|X64.ActiveCfg = FZRetail|Win32
	EndGlobalSection
	GlobalSection(SolutionProperties) = preSolution
		HideSolutionNode = FALSE
	EndGlobalSection
	GlobalSection(NestedProjects) = preSolution
		{097F1EE3-FC08-412F-9A1A-1BD960818F05} = {CB653E02-7BBE-42DD-B662-71792DFD0513}
		{9F5D9D72-749F-4B6C-B134-416F54D3B7F6} = {CB653E02-7BBE-42DD-B662-71792DFD0513}
		{9F998B06-078F-4D01-BE26-0302B4772FE3} = {29B93072-BF20-474E-B687-39BCF1292357}
		{3A317555-E8A3-494D-BF0D-CE93E40C920B} = {29B93072-BF20-474E-B687-39BCF1292357}
		{F150276A-D7D8-4C24-AA41-170A6F3D4CF9} = {29B93072-BF20-474E-B687-39BCF1292357}
		{97B8370B-16BC-4A2F-A0FE-4BEEF2EAED42} = {29B93072-BF20-474E-B687-39BCF1292357}
		{92B20638-9867-4DF3-B7EB-297352479E19} = {29B93072-BF20-474E-B687-39BCF1292357}
		{20776B9F-8C2D-42F9-8800-386F5DA8A4A4} = {29B93072-BF20-474E-B687-39BCF1292357}
		{CAFFB3DB-EADD-46A1-ABAE-3A341011B0A6} = {29B93072-BF20-474E-B687-39BCF1292357}
		{9EDD4786-4508-4F99-89D1-12FA255AC6A3} = {3173AB63-87BD-45F5-83C3-EFA1F81A76F0}
		{4276FB1E-16D0-4463-89CE-2D33D78512B1} = {3173AB63-87BD-45F5-83C3-EFA1F81A76F0}
		{6C3FDD5D-0F80-4A18-AA68-FB6348A32AA6} = {3173AB63-87BD-45F5-83C3-EFA1F81A76F0}
		{53812B2F-C263-4528-BA9B-C3D87884D52D} = {3173AB63-87BD-45F5-83C3-EFA1F81A76F0}
		{52C64275-DA32-486B-AB61-A617E5A07E0A} = {3173AB63-87BD-45F5-83C3-EFA1F81A76F0}
	EndGlobalSection
EndGlobal
