<?xml version="1.0" encoding="utf-8"?>
<Project ToolsVersion="4.0" xmlns="http://schemas.microsoft.com/developer/msbuild/2003">
  <ItemGroup>
    <Filter Include="Core">
      <UniqueIdentifier>{bdf962c4-814a-4cc1-b0b9-bd0dc6e50c5c}</UniqueIdentifier>
    </Filter>
    <Filter Include="Font">
      <UniqueIdentifier>{c9074e65-d78d-4c78-8707-85725d738c5e}</UniqueIdentifier>
    </Filter>
    <Filter Include="GUI">
      <UniqueIdentifier>{57e8acfa-73a5-446d-a084-f6871c1ebfb8}</UniqueIdentifier>
    </Filter>
    <Filter Include="Input">
      <UniqueIdentifier>{4287a0fb-88e7-4024-97a0-55019e31ac1a}</UniqueIdentifier>
    </Filter>
    <Filter Include="LowLevel">
      <UniqueIdentifier>{dddee852-f727-47da-9ab2-a09e6cc6f613}</UniqueIdentifier>
    </Filter>
    <Filter Include="MDL">
      <UniqueIdentifier>{1e9ce095-3d94-4174-8bca-eba0393088ea}</UniqueIdentifier>
    </Filter>
    <Filter Include="New Code">
      <UniqueIdentifier>{b904e549-acc8-4951-af11-dbb8c15394ce}</UniqueIdentifier>
    </Filter>
    <Filter Include="Resource">
      <UniqueIdentifier>{101f7be7-f198-452c-b1d9-f9a2e7a75210}</UniqueIdentifier>
    </Filter>
    <Filter Include="Settings">
      <UniqueIdentifier>{fa643d10-d9cf-45ce-ba78-951ce78f19a6}</UniqueIdentifier>
    </Filter>
  </ItemGroup>
  <ItemGroup>
    <ClCompile Include="..\src\engine\bounds.cpp">
      <Filter>Core</Filter>
    </ClCompile>
    <ClCompile Include="..\src\engine\bspgeo.cpp">
      <Filter>Resource</Filter>
    </ClCompile>
    <ClCompile Include="..\src\engine\button.cpp">
      <Filter>GUI</Filter>
    </ClCompile>
    <ClCompile Include="..\src\engine\camera.cpp">
      <Filter>LowLevel</Filter>
    </ClCompile>
    <ClCompile Include="..\src\engine\caption.cpp">
      <Filter>GUI</Filter>
    </ClCompile>
    <ClCompile Include="..\src\engine\context.cpp">
      <Filter>LowLevel</Filter>
    </ClCompile>
    <ClCompile Include="..\src\engine\controls.cpp">
      <Filter>GUI</Filter>
    </ClCompile>
    <ClCompile Include="..\src\engine\D3DDevice9.cpp">
      <Filter>New Code</Filter>
    </ClCompile>
    <ClCompile Include="..\src\engine\dderror.cpp">
      <Filter>Core</Filter>
    </ClCompile>
    <ClCompile Include="..\src\engine\device3d.cpp">
      <Filter>LowLevel</Filter>
    </ClCompile>
    <ClCompile Include="..\src\engine\DeviceModesDX9.cpp">
      <Filter>Settings</Filter>
    </ClCompile>
    <ClCompile Include="..\src\engine\dinput.cpp">
      <Filter>Input</Filter>
    </ClCompile>
    <ClCompile Include="..\src\engine\DX9PackFile.cpp" />
    <ClCompile Include="..\src\engine\engine.cpp" />
    <ClCompile Include="..\src\engine\engineapp.cpp" />
    <ClCompile Include="..\src\engine\enginewindow.cpp" />
    <ClCompile Include="..\src\engine\font.cpp">
      <Filter>Font</Filter>
    </ClCompile>
    <ClCompile Include="..\src\engine\frameimage.cpp">
      <Filter>GUI</Filter>
    </ClCompile>
    <ClCompile Include="..\src\engine\geometry.cpp">
      <Filter>Resource</Filter>
    </ClCompile>
    <ClCompile Include="..\src\engine\HashTable.cpp" />
    <ClCompile Include="..\src\engine\image.cpp">
      <Filter>GUI</Filter>
    </ClCompile>
    <ClCompile Include="..\src\engine\ImageTransfer.cpp">
      <Filter>New Code</Filter>
    </ClCompile>
    <ClCompile Include="..\src\engine\keyframe.cpp">
      <Filter>Resource</Filter>
    </ClCompile>
    <ClCompile Include="..\src\engine\LogFile.cpp">
      <Filter>New Code</Filter>
    </ClCompile>
    <ClCompile Include="..\src\engine\material.cpp">
      <Filter>Resource</Filter>
    </ClCompile>
    <ClCompile Include="..\src\engine\mdl.cpp">
      <Filter>MDL</Filter>
    </ClCompile>
    <ClCompile Include="..\src\engine\mdlbin.cpp">
      <Filter>MDL</Filter>
    </ClCompile>
    <ClCompile Include="..\src\engine\menu.cpp">
      <Filter>GUI</Filter>
    </ClCompile>
    <ClCompile Include="..\src\engine\modeler.cpp" />
    <ClCompile Include="..\src\engine\namespace.cpp">
      <Filter>MDL</Filter>
    </ClCompile>
    <ClCompile Include="..\src\engine\pane.cpp">
      <Filter>GUI</Filter>
    </ClCompile>
    <ClCompile Include="..\src\engine\paneimage.cpp">
      <Filter>GUI</Filter>
    </ClCompile>
    <ClCompile Include="..\src\engine\pch.cpp" />
    <ClCompile Include="..\src\engine\pixelformat.cpp">
      <Filter>Core</Filter>
    </ClCompile>
    <ClCompile Include="..\src\engine\popup.cpp">
      <Filter>GUI</Filter>
    </ClCompile>
    <ClCompile Include="..\src\engine\RasterD3D9.cpp">
      <Filter>New Code</Filter>
    </ClCompile>
    <ClCompile Include="..\src\engine\surface.cpp">
      <Filter>LowLevel</Filter>
    </ClCompile>
    <ClCompile Include="..\src\engine\toppane.cpp">
      <Filter>GUI</Filter>
    </ClCompile>
    <ClCompile Include="..\src\engine\transform.cpp">
      <Filter>Core</Filter>
    </ClCompile>
    <ClCompile Include="..\src\engine\transform2.cpp">
      <Filter>Core</Filter>
    </ClCompile>
    <ClCompile Include="..\src\engine\value.cpp">
      <Filter>Core</Filter>
    </ClCompile>
    <ClCompile Include="..\src\engine\VBIBManager.cpp">
      <Filter>New Code</Filter>
    </ClCompile>
    <ClCompile Include="..\src\engine\VertexGenerator.cpp">
      <Filter>New Code</Filter>
    </ClCompile>
    <ClCompile Include="..\src\engine\VideoSettingsDX9.cpp">
      <Filter>Settings</Filter>
    </ClCompile>
    <ClCompile Include="..\src\engine\viewport.cpp">
      <Filter>LowLevel</Filter>
    </ClCompile>
    <ClCompile Include="..\src\engine\VRAMManager.cpp">
      <Filter>New Code</Filter>
    </ClCompile>
    <ClCompile Include="..\src\engine\xfile.cpp">
      <Filter>Resource</Filter>
    </ClCompile>
  </ItemGroup>
  <ItemGroup>
    <ClInclude Include="..\src\engine\bounds.h">
      <Filter>Core</Filter>
    </ClInclude>
    <ClInclude Include="..\src\engine\bspgeo.h">
      <Filter>Resource</Filter>
    </ClInclude>
    <ClInclude Include="..\src\engine\button.h">
      <Filter>GUI</Filter>
    </ClInclude>
    <ClInclude Include="..\src\engine\camera.h">
      <Filter>LowLevel</Filter>
    </ClInclude>
    <ClInclude Include="..\src\engine\caption.h">
      <Filter>GUI</Filter>
    </ClInclude>
    <ClInclude Include="..\src\engine\context.h">
      <Filter>LowLevel</Filter>
    </ClInclude>
    <ClInclude Include="..\src\engine\controls.h">
      <Filter>GUI</Filter>
    </ClInclude>
    <ClInclude Include="..\src\engine\D3DDevice9.h">
      <Filter>New Code</Filter>
    </ClInclude>
    <ClInclude Include="..\src\engine\ddstruct.h">
      <Filter>LowLevel</Filter>
    </ClInclude>
    <ClInclude Include="..\src\engine\DeviceModesDX9.h">
      <Filter>Settings</Filter>
    </ClInclude>
    <ClInclude Include="..\src\engine\DX9PackFile.h" />
    <ClInclude Include="..\src\engine\engine.h" />
    <ClInclude Include="..\src\engine\engineapp.h" />
    <ClInclude Include="..\src\engine\enginep.h" />
    <ClInclude Include="..\src\engine\EngineSettings.h">
      <Filter>New Code</Filter>
    </ClInclude>
    <ClInclude Include="..\src\engine\enginewindow.h" />
    <ClInclude Include="..\src\engine\font.h">
      <Filter>Font</Filter>
    </ClInclude>
    <ClInclude Include="..\src\engine\frameimage.h">
      <Filter>GUI</Filter>
    </ClInclude>
    <ClInclude Include="..\src\engine\geometry.h">
      <Filter>Resource</Filter>
    </ClInclude>
    <ClInclude Include="..\src\engine\HashTable.h" />
    <ClInclude Include="..\src\engine\image.h">
      <Filter>GUI</Filter>
    </ClInclude>
    <ClInclude Include="..\src\engine\ImageTransfer.h">
      <Filter>New Code</Filter>
    </ClInclude>
    <ClInclude Include="..\src\engine\inputengine.h">
      <Filter>Input</Filter>
    </ClInclude>
    <ClInclude Include="..\src\engine\keyframe.h">
      <Filter>Resource</Filter>
    </ClInclude>
    <ClInclude Include="..\src\engine\LogFile.h">
      <Filter>New Code</Filter>
    </ClInclude>
    <ClInclude Include="..\src\engine\material.h">
      <Filter>Resource</Filter>
    </ClInclude>
    <ClInclude Include="..\src\engine\mdl.h">
      <Filter>MDL</Filter>
    </ClInclude>
    <ClInclude Include="..\src\engine\menu.h">
      <Filter>GUI</Filter>
    </ClInclude>
    <ClInclude Include="..\src\engine\model.h">
      <Filter>Resource</Filter>
    </ClInclude>
    <ClInclude Include="..\src\engine\namespace.h">
      <Filter>MDL</Filter>
    </ClInclude>
    <ClInclude Include="..\src\engine\pane.h">
      <Filter>GUI</Filter>
    </ClInclude>
    <ClInclude Include="..\src\engine\paneimage.h">
      <Filter>GUI</Filter>
    </ClInclude>
    <ClInclude Include="..\src\engine\pch.h" />
    <ClInclude Include="..\src\engine\pixelformat.h">
      <Filter>Core</Filter>
    </ClInclude>
    <ClInclude Include="..\src\engine\popup.h">
      <Filter>GUI</Filter>
    </ClInclude>
    <ClInclude Include="..\src\engine\surface.h">
      <Filter>LowLevel</Filter>
    </ClInclude>
    <ClInclude Include="..\src\engine\toppane.h">
      <Filter>GUI</Filter>
    </ClInclude>
    <ClInclude Include="..\src\engine\transform.h">
      <Filter>Core</Filter>
    </ClInclude>
    <ClInclude Include="..\src\engine\UIVertexDefn.h">
      <Filter>New Code</Filter>
    </ClInclude>
    <ClInclude Include="..\src\engine\value.h">
      <Filter>Core</Filter>
    </ClInclude>
    <ClInclude Include="..\src\engine\VBIBManager.h">
      <Filter>New Code</Filter>
    </ClInclude>
    <ClInclude Include="..\src\engine\VertexGenerator.h">
      <Filter>New Code</Filter>
    </ClInclude>
    <ClInclude Include="..\src\engine\VideoSettingsDX9.h">
      <Filter>Settings</Filter>
    </ClInclude>
    <ClInclude Include="..\src\engine\viewport.h">
      <Filter>LowLevel</Filter>
    </ClInclude>
    <ClInclude Include="..\src\engine\VRAMManager.h">
      <Filter>New Code</Filter>
    </ClInclude>
    <ClInclude Include="..\src\engine\xfile.h">
      <Filter>Resource</Filter>
    </ClInclude>
  </ItemGroup>
  <ItemGroup>
    <None Include="..\src\engine\TODO.txt" />
  </ItemGroup>
</Project>