<?xml version="1.0" encoding="utf-8"?>
<Project ToolsVersion="4.0" xmlns="http://schemas.microsoft.com/developer/msbuild/2003">
  <ItemGroup>
    <Filter Include="AGCEvents">
      <UniqueIdentifier>{0f85aa8e-eab4-440c-88cf-5756f4c59ad0}</UniqueIdentifier>
      <Extensions>xml;xsl;js;htm</Extensions>
    </Filter>
    <Filter Include="Resources">
      <UniqueIdentifier>{601007bc-b000-4d76-ac2a-0133347f6457}</UniqueIdentifier>
    </Filter>
    <Filter Include="Resources\Registration scripts">
      <UniqueIdentifier>{662d483a-b14f-458a-bff9-41ee0d2b7450}</UniqueIdentifier>
    </Filter>
  </ItemGroup>
  <ItemGroup>
    <None Include="..\test\Scripts\EventViewer.htm">
      <Filter>AGCEvents</Filter>
    </None>
    <None Include="AdminSessionHelper.rgs">
      <Filter>Resources\Registration scripts</Filter>
    </None>
    <None Include="AGC.def" />
    <None Include="AGCAleph.rgs">
      <Filter>Resources\Registration scripts</Filter>
    </None>
    <None Include="AGCAlephs.rgs">
      <Filter>Resources\Registration scripts</Filter>
    </None>
    <None Include="AGCAsteroid.rgs">
      <Filter>Resources\Registration scripts</Filter>
    </None>
    <None Include="AGCAsteroids.rgs">
      <Filter>Resources\Registration scripts</Filter>
    </None>
    <None Include="AGCCommand.rgs">
      <Filter>Resources\Registration scripts</Filter>
    </None>
    <None Include="AGCDBParams.rgs">
      <Filter>Resources\Registration scripts</Filter>
    </None>
    <None Include="agcevent.rgs">
      <Filter>Resources\Registration scripts</Filter>
    </None>
    <None Include="AGCEventIDRange.rgs">
      <Filter>Resources\Registration scripts</Filter>
    </None>
    <None Include="AGCEventIDRanges.rgs">
      <Filter>Resources\Registration scripts</Filter>
    </None>
    <None Include="AGCEventLogger.rgs">
      <Filter>Resources\Registration scripts</Filter>
    </None>
    <None Include="AGCGame.rgs">
      <Filter>Resources\Registration scripts</Filter>
    </None>
    <None Include="AGCGameParameters.rgs">
      <Filter>Resources\Registration scripts</Filter>
    </None>
    <None Include="AGCGlobal.rgs">
      <Filter>Resources\Registration scripts</Filter>
    </None>
    <None Include="AGCHullType.rgs">
      <Filter>Resources\Registration scripts</Filter>
    </None>
    <None Include="AGCHullTypes.rgs">
      <Filter>Resources\Registration scripts</Filter>
    </None>
    <None Include="AGCModel.rgs">
      <Filter>Resources\Registration scripts</Filter>
    </None>
    <None Include="AGCModels.rgs">
      <Filter>Resources\Registration scripts</Filter>
    </None>
    <None Include="AGCOrientation.rgs">
      <Filter>Resources\Registration scripts</Filter>
    </None>
    <None Include="AGCProbe.rgs">
      <Filter>Resources\Registration scripts</Filter>
    </None>
    <None Include="AGCProbes.rgs">
      <Filter>Resources\Registration scripts</Filter>
    </None>
    <None Include="AGCSector.rgs">
      <Filter>Resources\Registration scripts</Filter>
    </None>
    <None Include="AGCSectors.rgs">
      <Filter>Resources\Registration scripts</Filter>
    </None>
    <None Include="AGCShip.rgs">
      <Filter>Resources\Registration scripts</Filter>
    </None>
    <None Include="AGCShips.rgs">
      <Filter>Resources\Registration scripts</Filter>
    </None>
    <None Include="AGCStation.rgs">
      <Filter>Resources\Registration scripts</Filter>
    </None>
    <None Include="AGCStations.rgs">
      <Filter>Resources\Registration scripts</Filter>
    </None>
    <None Include="AGCTeam.rgs">
      <Filter>Resources\Registration scripts</Filter>
    </None>
    <None Include="AGCTeams.rgs">
      <Filter>Resources\Registration scripts</Filter>
    </None>
    <None Include="AGCVector.rgs">
      <Filter>Resources\Registration scripts</Filter>
    </None>
    <None Include="AGCVersionInfo.rgs">
      <Filter>Resources\Registration scripts</Filter>
    </None>
    <None Include="EventBrowser.xsl">
      <Filter>AGCEvents</Filter>
    </None>
    <None Include="TCMarshalByValue.rgs">
      <Filter>Resources\Registration scripts</Filter>
    </None>
    <None Include="TCNullStream.rgs">
      <Filter>Resources\Registration scripts</Filter>
    </None>
    <None Include="TCStrings.rgs">
      <Filter>Resources\Registration scripts</Filter>
    </None>
    <None Include="TCUtility.rgs">
      <Filter>Resources\Registration scripts</Filter>
    </None>
    <None Include="XMLXForm.js">
      <Filter>AGCEvents</Filter>
    </None>
  </ItemGroup>
  <ItemGroup>
    <ClCompile Include="AdminSessionHelper.cpp" />
    <ClCompile Include="AGC.cpp" />
    <ClCompile Include="AGCAleph.cpp" />
    <ClCompile Include="AGCAlephs.cpp" />
    <ClCompile Include="AGCAsteroid.cpp" />
    <ClCompile Include="AGCAsteroids.cpp" />
    <ClCompile Include="AGCCommand.cpp" />
    <ClCompile Include="AGCDBParams.cpp" />
    <ClCompile Include="agcevent.cpp" />
    <ClCompile Include="AGCEventData.cpp" />
    <ClCompile Include="AGCEventDef.cpp" />
    <ClCompile Include="AGCEventIDRange.cpp" />
    <ClCompile Include="AGCEventIDRanges.cpp" />
    <ClCompile Include="AGCEventLogger.cpp" />
    <ClCompile Include="AGCGame.cpp" />
    <ClCompile Include="AGCGameParameters.cpp" />
    <ClCompile Include="AGCGlobal.cpp" />
    <ClCompile Include="AGCGuid.c" />
    <ClCompile Include="AGCHullType.cpp" />
    <ClCompile Include="AGCModel.cpp" />
    <ClCompile Include="AGCModels.cpp" />
    <ClCompile Include="AGCOrientation.cpp" />
    <ClCompile Include="AGCProbe.cpp" />
    <ClCompile Include="AGCProbes.cpp" />
    <ClCompile Include="AGCSector.cpp" />
    <ClCompile Include="AGCSectors.cpp" />
    <ClCompile Include="AGCShip.cpp" />
    <ClCompile Include="AGCShips.cpp" />
    <ClCompile Include="AGCStation.cpp" />
    <ClCompile Include="AGCStations.cpp" />
    <ClCompile Include="AGCTeam.cpp" />
    <ClCompile Include="AGCTeams.cpp" />
    <ClCompile Include="AGCVector.cpp" />
    <ClCompile Include="AGCVersionInfo.cpp" />
    <ClCompile Include="dlldatax.c" />
    <ClCompile Include="pch.cpp" />
    <ClCompile Include="TCMarshalByValue.cpp" />
    <ClCompile Include="TCNullStream.cpp" />
    <ClCompile Include="TCStrings.cpp" />
    <ClCompile Include="TCUtility.cpp" />
  </ItemGroup>
  <ItemGroup>
    <ResourceCompile Include="AGC.rc">
      <Filter>Resources</Filter>
    </ResourceCompile>
  </ItemGroup>
  <ItemGroup>
    <ClInclude Include="AdminSessionHelper.h" />
    <ClInclude Include="AGCAleph.h" />
    <ClInclude Include="AGCAlephs.h" />
    <ClInclude Include="AGCAsteroid.h" />
    <ClInclude Include="AGCAsteroids.h" />
    <ClInclude Include="AGCChat.h" />
    <ClInclude Include="AGCCommand.h" />
    <ClInclude Include="AGCCP.h" />
    <ClInclude Include="AGCDBParams.h" />
    <ClInclude Include="AGCDebugHook.h" />
    <ClInclude Include="agcevent.h" />
    <ClInclude Include="AGCEventData.h" />
    <ClInclude Include="AGCEventDef.h" />
    <ClInclude Include="AGCEventIDRange.h" />
    <ClInclude Include="AGCEventIDRanges.h" />
    <ClInclude Include="AGCEventLogger.h" />
    <ClInclude Include="AGCEventThread.h" />
    <ClInclude Include="AGCGame.h" />
    <ClInclude Include="AGCGameParameters.h" />
    <ClInclude Include="AGCGlobal.h" />
    <ClInclude Include="AGCHullType.h" />
    <ClInclude Include="AGCModel.h" />
    <ClInclude Include="AGCModels.h" />
    <ClInclude Include="AGCModule.h" />
    <ClInclude Include="AGCOrientation.h" />
    <ClInclude Include="AGCProbe.h" />
    <ClInclude Include="AGCProbes.h" />
    <ClInclude Include="AGCSector.h" />
    <ClInclude Include="AGCSectors.h" />
    <ClInclude Include="AGCShip.h" />
    <ClInclude Include="AGCShips.h" />
    <ClInclude Include="AGCSite.h" />
    <ClInclude Include="AGCStation.h" />
    <ClInclude Include="AGCStations.h" />
    <ClInclude Include="AGCTeam.h" />
    <ClInclude Include="AGCTeams.h" />
    <ClInclude Include="AGCUtil.h" />
    <ClInclude Include="AGCVector.h" />
    <ClInclude Include="AGCVersionInfo.h" />
    <ClInclude Include="AGCWinApp.h" />
    <ClInclude Include="dlldatax.h" />
    <ClInclude Include="gameparamdata.h" />
    <ClInclude Include="IAGCAlephImpl.h" />
    <ClInclude Include="IAGCAsteroidImpl.h" />
    <ClInclude Include="IAGCBaseImpl.h" />
    <ClInclude Include="IAGCBuyableImpl.h" />
    <ClInclude Include="IAGCCollectionImpl.h" />
    <ClInclude Include="IAGCCommonImpl.h" />
    <ClInclude Include="IAGCDamageImpl.h" />
    <ClInclude Include="IAGCGameImpl.h" />
    <ClInclude Include="IAGCModelImpl.h" />
    <ClInclude Include="IAGCProbeImpl.h" />
    <ClInclude Include="IAGCRangeImpl.h" />
    <ClInclude Include="IAGCRangesImpl.h" />
    <ClInclude Include="IAGCScannerImpl.h" />
    <ClInclude Include="IAGCSectorImpl.h" />
    <ClInclude Include="IAGCShipImpl.h" />
    <ClInclude Include="IAGCStationImpl.h" />
    <ClInclude Include="IAGCTeamImpl.h" />
    <ClInclude Include="pch.h" />
    <ClInclude Include="resource.h" />
    <ClInclude Include="TCMarshalByValue.h" />
    <ClInclude Include="TCNullStream.h" />
    <ClInclude Include="TCStrings.h" />
    <ClInclude Include="TCUtility.h" />
  </ItemGroup>
  <ItemGroup>
    <Midl Include="..\Inc\AGCIDL.idl" />
    <Midl Include="agc.idl" />
  </ItemGroup>
  <ItemGroup>
    <CustomBuild Include="AGC.rc2" />
    <CustomBuild Include="AGCEvents.xml">
      <Filter>AGCEvents</Filter>
    </CustomBuild>
    <CustomBuild Include="AGCEventsCPP.xsl">
      <Filter>AGCEvents</Filter>
    </CustomBuild>
    <CustomBuild Include="AGCEventsIDL.xsl">
      <Filter>AGCEvents</Filter>
    </CustomBuild>
    <CustomBuild Include="AGCEventsMC.xsl">
      <Filter>AGCEvents</Filter>
    </CustomBuild>
    <CustomBuild Include="AGCEventsRC2.xsl">
      <Filter>AGCEvents</Filter>
    </CustomBuild>
    <CustomBuild Include="AGCEventsRCH.xsl">
      <Filter>AGCEvents</Filter>
    </CustomBuild>
  </ItemGroup>
</Project>