Microsoft Visual Studio Solution File, Format Version 8.00
Project("{8BC9CEB8-8B4A-11D0-8D11-00A0C91BC942}") = "Zlib", "zlib\ZLibrary.vcproj", "{21C70CA0-24C5-475B-8C47-6F0226A374B0}"
	ProjectSection(ProjectDependencies) = postProject
	EndProjectSection
EndProject
Project("{8BC9CEB8-8B4A-11D0-8D11-00A0C91BC942}") = "Guids", "guids\Guids.vcproj", "{FA223B93-BCFB-48FA-B9DD-DB9DBBC8F314}"
	ProjectSection(ProjectDependencies) = postProject
	EndProjectSection
EndProject
Project("{8BC9CEB8-8B4A-11D0-8D11-00A0C91BC942}") = "Utility", "_Utility\Utility.vcproj", "{3853A2C5-F219-4C7D-841A-9407A7AEAE9D}"
	ProjectSection(ProjectDependencies) = postProject
		{FA223B93-BCFB-48FA-B9DD-DB9DBBC8F314} = {FA223B93-BCFB-48FA-B9DD-DB9DBBC8F314}
		{21C70CA0-24C5-475B-8C47-6F0226A374B0} = {21C70CA0-24C5-475B-8C47-6F0226A374B0}
	EndProjectSection
EndProject
Project("{8BC9CEB8-8B4A-11D0-8D11-00A0C91BC942}") = "Engine", "engine\Engine.vcproj", "{82807D04-1A0C-4B6B-AA06-525750EF4610}"
	ProjectSection(ProjectDependencies) = postProject
	EndProjectSection
EndProject
Project("{8BC9CEB8-8B4A-11D0-8D11-00A0C91BC942}") = "Effect", "effect\effect.vcproj", "{D22B6577-79A0-4834-9847-8AEC1D4F9BB4}"
	ProjectSection(ProjectDependencies) = postProject
	EndProjectSection
EndProject
Project("{8BC9CEB8-8B4A-11D0-8D11-00A0C91BC942}") = "SoundEngine", "soundengine\SoundEngine.vcproj", "{F81BB9EE-DD86-415E-87E3-B60732EFD72F}"
	ProjectSection(ProjectDependencies) = postProject
	EndProjectSection
EndProject
Project("{8BC9CEB8-8B4A-11D0-8D11-00A0C91BC942}") = "mdlc", "mdlc\mdlc.vcproj", "{9F998B06-078F-4D01-BE26-0302B4772FE3}"
	ProjectSection(ProjectDependencies) = postProject
	EndProjectSection
EndProject
Project("{8BC9CEB8-8B4A-11D0-8D11-00A0C91BC942}") = "Igc", "Igc\Igc.vcproj", "{BF99DCB8-4127-4403-82C9-72190C6ABF5F}"
	ProjectSection(ProjectDependencies) = postProject
	EndProjectSection
EndProject
Project("{8BC9CEB8-8B4A-11D0-8D11-00A0C91BC942}") = "ClintLib", "clintlib\ClintLib.vcproj", "{557CA42C-AA39-4C44-A998-0452F8C55851}"
	ProjectSection(ProjectDependencies) = postProject
	EndProjectSection
EndProject
Project("{8BC9CEB8-8B4A-11D0-8D11-00A0C91BC942}") = "AGC", "AGC\AGC.vcproj", "{1CBF6569-F71C-422A-81DD-8D30A736DB21}"
	ProjectSection(ProjectDependencies) = postProject
		{1695996C-F698-4509-BF5C-ADE10ADA67F9} = {1695996C-F698-4509-BF5C-ADE10ADA67F9}
		{21C70CA0-24C5-475B-8C47-6F0226A374B0} = {21C70CA0-24C5-475B-8C47-6F0226A374B0}
		{BF99DCB8-4127-4403-82C9-72190C6ABF5F} = {BF99DCB8-4127-4403-82C9-72190C6ABF5F}
		{3853A2C5-F219-4C7D-841A-9407A7AEAE9D} = {3853A2C5-F219-4C7D-841A-9407A7AEAE9D}
	EndProjectSection
EndProject
Project("{8BC9CEB8-8B4A-11D0-8D11-00A0C91BC942}") = "Allegiance", "WinTrek\Allegiance.vcproj", "{3702DB5A-C966-4133-824F-5958F4BF9BCF}"
	ProjectSection(ProjectDependencies) = postProject
		{82807D04-1A0C-4B6B-AA06-525750EF4610} = {82807D04-1A0C-4B6B-AA06-525750EF4610}
		{557CA42C-AA39-4C44-A998-0452F8C55851} = {557CA42C-AA39-4C44-A998-0452F8C55851}
		{05EAD557-56B0-4070-83F0-8A2B6FB9C54D} = {05EAD557-56B0-4070-83F0-8A2B6FB9C54D}
		{D22B6577-79A0-4834-9847-8AEC1D4F9BB4} = {D22B6577-79A0-4834-9847-8AEC1D4F9BB4}
		{A8E7888A-84AC-485E-9FB2-35382C003E0B} = {A8E7888A-84AC-485E-9FB2-35382C003E0B}
		{FA223B93-BCFB-48FA-B9DD-DB9DBBC8F314} = {FA223B93-BCFB-48FA-B9DD-DB9DBBC8F314}
		{21C70CA0-24C5-475B-8C47-6F0226A374B0} = {21C70CA0-24C5-475B-8C47-6F0226A374B0}
		{BF99DCB8-4127-4403-82C9-72190C6ABF5F} = {BF99DCB8-4127-4403-82C9-72190C6ABF5F}
		{3853A2C5-F219-4C7D-841A-9407A7AEAE9D} = {3853A2C5-F219-4C7D-841A-9407A7AEAE9D}
		{281F3AC6-FAD1-40F4-B798-F634A6162D39} = {281F3AC6-FAD1-40F4-B798-F634A6162D39}
		{F81BB9EE-DD86-415E-87E3-B60732EFD72F} = {F81BB9EE-DD86-415E-87E3-B60732EFD72F}
	EndProjectSection
EndProject
Project("{8BC9CEB8-8B4A-11D0-8D11-00A0C91BC942}") = "Server", "FedSrv\Server.vcproj", "{05EAD557-56B0-4070-83F0-8A2B6FB9C54D}"
	ProjectSection(ProjectDependencies) = postProject
		{1CBF6569-F71C-422A-81DD-8D30A736DB21} = {1CBF6569-F71C-422A-81DD-8D30A736DB21}
		{A8E7888A-84AC-485E-9FB2-35382C003E0B} = {A8E7888A-84AC-485E-9FB2-35382C003E0B}
		{BF99DCB8-4127-4403-82C9-72190C6ABF5F} = {BF99DCB8-4127-4403-82C9-72190C6ABF5F}
	EndProjectSection
EndProject
Project("{8BC9CEB8-8B4A-11D0-8D11-00A0C91BC942}") = "Lobby", "lobby\Lobby.vcproj", "{181139DC-F4E7-446B-B8DD-C195691B34CA}"
	ProjectSection(ProjectDependencies) = postProject
		{1695996C-F698-4509-BF5C-ADE10ADA67F9} = {1695996C-F698-4509-BF5C-ADE10ADA67F9}
		{A8E7888A-84AC-485E-9FB2-35382C003E0B} = {A8E7888A-84AC-485E-9FB2-35382C003E0B}
		{FA223B93-BCFB-48FA-B9DD-DB9DBBC8F314} = {FA223B93-BCFB-48FA-B9DD-DB9DBBC8F314}
		{21C70CA0-24C5-475B-8C47-6F0226A374B0} = {21C70CA0-24C5-475B-8C47-6F0226A374B0}
		{3853A2C5-F219-4C7D-841A-9407A7AEAE9D} = {3853A2C5-F219-4C7D-841A-9407A7AEAE9D}
	EndProjectSection
EndProject
Project("{8BC9CEB8-8B4A-11D0-8D11-00A0C91BC942}") = "xmunge", "xmunge\xmunge.vcproj", "{D0771872-F515-47A2-87D4-7068F41D65B1}"
	ProjectSection(ProjectDependencies) = postProject
	EndProjectSection
EndProject
Project("{8BC9CEB8-8B4A-11D0-8D11-00A0C91BC942}") = "cvh", "cvh\cvh.vcproj", "{3A317555-E8A3-494D-BF0D-CE93E40C920B}"
	ProjectSection(ProjectDependencies) = postProject
	EndProjectSection
EndProject
Project("{8BC9CEB8-8B4A-11D0-8D11-00A0C91BC942}") = "sharemem", "sharemem\sharemem.vcproj", "{A8E7888A-84AC-485E-9FB2-35382C003E0B}"
	ProjectSection(ProjectDependencies) = postProject
	EndProjectSection
EndProject
Project("{8BC9CEB8-8B4A-11D0-8D11-00A0C91BC942}") = "TCLib", "test\TCLib\TCLib.vcproj", "{1695996C-F698-4509-BF5C-ADE10ADA67F9}"
	ProjectSection(ProjectDependencies) = postProject
	EndProjectSection
EndProject
Project("{8BC9CEB8-8B4A-11D0-8D11-00A0C91BC942}") = "mdledit", "mdledit\mdledit.vcproj", "{F150276A-D7D8-4C24-AA41-170A6F3D4CF9}"
	ProjectSection(ProjectDependencies) = postProject
	EndProjectSection
EndProject
Project("{8BC9CEB8-8B4A-11D0-8D11-00A0C91BC942}") = "AllSrvUI", "AllSrvUI\AllSrvUI.vcproj", "{97B8370B-16BC-4A2F-A0FE-4BEEF2EAED42}"
	ProjectSection(ProjectDependencies) = postProject
		{05EAD557-56B0-4070-83F0-8A2B6FB9C54D} = {05EAD557-56B0-4070-83F0-8A2B6FB9C54D}
	EndProjectSection
EndProject
Project("{8BC9CEB8-8B4A-11D0-8D11-00A0C91BC942}") = "TCGuid", "test\TCGuid\TCGUID.vcproj", "{7260A2F7-7D40-4D00-9C3A-846939CF16CD}"
	ProjectSection(ProjectDependencies) = postProject
		{CAFFB3DB-EADD-46A1-ABAE-3A341011B0A6} = {CAFFB3DB-EADD-46A1-ABAE-3A341011B0A6}
	EndProjectSection
EndProject
Project("{8BC9CEB8-8B4A-11D0-8D11-00A0C91BC942}") = "TCObj", "test\TCObj\TCObj.vcproj", "{CAFFB3DB-EADD-46A1-ABAE-3A341011B0A6}"
	ProjectSection(ProjectDependencies) = postProject
	EndProjectSection
EndProject
Project("{8BC9CEB8-8B4A-11D0-8D11-00A0C91BC942}") = "training", "training\training.vcproj", "{281F3AC6-FAD1-40F4-B798-F634A6162D39}"
	ProjectSection(ProjectDependencies) = postProject
	EndProjectSection
EndProject
Project("{8BC9CEB8-8B4A-11D0-8D11-00A0C91BC942}") = "Club", "Club\Club.vcproj", "{4B0BFF91-D476-4317-BA7C-B052052FBD7D}"
	ProjectSection(ProjectDependencies) = postProject
	EndProjectSection
EndProject
Project("{8BC9CEB8-8B4A-11D0-8D11-00A0C91BC942}") = "techtree", "techtree\techtree.vcproj", "{DD1BF020-06E6-4065-A510-8E22232315F1}"
	ProjectSection(ProjectDependencies) = postProject
	EndProjectSection
EndProject
Project("{8BC9CEB8-8B4A-11D0-8D11-00A0C91BC942}") = "ShadowSwitcher", "shadowswitcher\shadowswitcher.vcproj", "{49A1CD20-A468-4A3B-968C-F943994DFD39}"
	ProjectSection(ProjectDependencies) = postProject
	EndProjectSection
EndProject
Global
	GlobalSection(SolutionConfiguration) = preSolution
		Debug = Debug
		FZDebug = FZDebug
		FZRetail = FZRetail
		Retail = Retail
	EndGlobalSection
	GlobalSection(ProjectConfiguration) = postSolution
		{21C70CA0-24C5-475B-8C47-6F0226A374B0}.Debug.ActiveCfg = Debug|Win32
		{21C70CA0-24C5-475B-8C47-6F0226A374B0}.Debug.Build.0 = Debug|Win32
		{21C70CA0-24C5-475B-8C47-6F0226A374B0}.FZDebug.ActiveCfg = FZDebug|Win32
		{21C70CA0-24C5-475B-8C47-6F0226A374B0}.FZDebug.Build.0 = FZDebug|Win32
		{21C70CA0-24C5-475B-8C47-6F0226A374B0}.FZRetail.ActiveCfg = FZRetail|Win32
		{21C70CA0-24C5-475B-8C47-6F0226A374B0}.FZRetail.Build.0 = FZRetail|Win32
		{21C70CA0-24C5-475B-8C47-6F0226A374B0}.Retail.ActiveCfg = Retail|Win32
		{21C70CA0-24C5-475B-8C47-6F0226A374B0}.Retail.Build.0 = Retail|Win32
		{FA223B93-BCFB-48FA-B9DD-DB9DBBC8F314}.Debug.ActiveCfg = Debug|Win32
		{FA223B93-BCFB-48FA-B9DD-DB9DBBC8F314}.Debug.Build.0 = Debug|Win32
		{FA223B93-BCFB-48FA-B9DD-DB9DBBC8F314}.FZDebug.ActiveCfg = FZDebug|Win32
		{FA223B93-BCFB-48FA-B9DD-DB9DBBC8F314}.FZDebug.Build.0 = FZDebug|Win32
		{FA223B93-BCFB-48FA-B9DD-DB9DBBC8F314}.FZRetail.ActiveCfg = FZRetail|Win32
		{FA223B93-BCFB-48FA-B9DD-DB9DBBC8F314}.FZRetail.Build.0 = FZRetail|Win32
		{FA223B93-BCFB-48FA-B9DD-DB9DBBC8F314}.Retail.ActiveCfg = Retail|Win32
		{FA223B93-BCFB-48FA-B9DD-DB9DBBC8F314}.Retail.Build.0 = Retail|Win32
		{3853A2C5-F219-4C7D-841A-9407A7AEAE9D}.Debug.ActiveCfg = Debug|Win32
		{3853A2C5-F219-4C7D-841A-9407A7AEAE9D}.Debug.Build.0 = Debug|Win32
		{3853A2C5-F219-4C7D-841A-9407A7AEAE9D}.FZDebug.ActiveCfg = FZDebug|Win32
		{3853A2C5-F219-4C7D-841A-9407A7AEAE9D}.FZDebug.Build.0 = FZDebug|Win32
		{3853A2C5-F219-4C7D-841A-9407A7AEAE9D}.FZRetail.ActiveCfg = FZRetail|Win32
		{3853A2C5-F219-4C7D-841A-9407A7AEAE9D}.FZRetail.Build.0 = FZRetail|Win32
		{3853A2C5-F219-4C7D-841A-9407A7AEAE9D}.Retail.ActiveCfg = Retail|Win32
		{3853A2C5-F219-4C7D-841A-9407A7AEAE9D}.Retail.Build.0 = Retail|Win32
		{82807D04-1A0C-4B6B-AA06-525750EF4610}.Debug.ActiveCfg = Debug|Win32
		{82807D04-1A0C-4B6B-AA06-525750EF4610}.Debug.Build.0 = Debug|Win32
		{82807D04-1A0C-4B6B-AA06-525750EF4610}.FZDebug.ActiveCfg = FZDebug|Win32
		{82807D04-1A0C-4B6B-AA06-525750EF4610}.FZDebug.Build.0 = FZDebug|Win32
		{82807D04-1A0C-4B6B-AA06-525750EF4610}.FZRetail.ActiveCfg = FZRetail|Win32
		{82807D04-1A0C-4B6B-AA06-525750EF4610}.FZRetail.Build.0 = FZRetail|Win32
		{82807D04-1A0C-4B6B-AA06-525750EF4610}.Retail.ActiveCfg = Retail|Win32
		{82807D04-1A0C-4B6B-AA06-525750EF4610}.Retail.Build.0 = Retail|Win32
		{D22B6577-79A0-4834-9847-8AEC1D4F9BB4}.Debug.ActiveCfg = Debug|Win32
		{D22B6577-79A0-4834-9847-8AEC1D4F9BB4}.Debug.Build.0 = Debug|Win32
		{D22B6577-79A0-4834-9847-8AEC1D4F9BB4}.FZDebug.ActiveCfg = FZDebug|Win32
		{D22B6577-79A0-4834-9847-8AEC1D4F9BB4}.FZDebug.Build.0 = FZDebug|Win32
		{D22B6577-79A0-4834-9847-8AEC1D4F9BB4}.FZRetail.ActiveCfg = FZRetail|Win32
		{D22B6577-79A0-4834-9847-8AEC1D4F9BB4}.FZRetail.Build.0 = FZRetail|Win32
		{D22B6577-79A0-4834-9847-8AEC1D4F9BB4}.Retail.ActiveCfg = Retail|Win32
		{D22B6577-79A0-4834-9847-8AEC1D4F9BB4}.Retail.Build.0 = Retail|Win32
		{F81BB9EE-DD86-415E-87E3-B60732EFD72F}.Debug.ActiveCfg = Debug|Win32
		{F81BB9EE-DD86-415E-87E3-B60732EFD72F}.Debug.Build.0 = Debug|Win32
		{F81BB9EE-DD86-415E-87E3-B60732EFD72F}.FZDebug.ActiveCfg = FZDebug|Win32
		{F81BB9EE-DD86-415E-87E3-B60732EFD72F}.FZDebug.Build.0 = FZDebug|Win32
		{F81BB9EE-DD86-415E-87E3-B60732EFD72F}.FZRetail.ActiveCfg = FZRetail|Win32
		{F81BB9EE-DD86-415E-87E3-B60732EFD72F}.FZRetail.Build.0 = FZRetail|Win32
		{F81BB9EE-DD86-415E-87E3-B60732EFD72F}.Retail.ActiveCfg = Retail|Win32
		{F81BB9EE-DD86-415E-87E3-B60732EFD72F}.Retail.Build.0 = Retail|Win32
		{9F998B06-078F-4D01-BE26-0302B4772FE3}.Debug.ActiveCfg = Debug|Win32
		{9F998B06-078F-4D01-BE26-0302B4772FE3}.Debug.Build.0 = Debug|Win32
		{9F998B06-078F-4D01-BE26-0302B4772FE3}.FZDebug.ActiveCfg = FZDebug|Win32
		{9F998B06-078F-4D01-BE26-0302B4772FE3}.FZRetail.ActiveCfg = Retail|Win32
		{9F998B06-078F-4D01-BE26-0302B4772FE3}.Retail.ActiveCfg = Retail|Win32
		{9F998B06-078F-4D01-BE26-0302B4772FE3}.Retail.Build.0 = Retail|Win32
		{BF99DCB8-4127-4403-82C9-72190C6ABF5F}.Debug.ActiveCfg = Debug|Win32
		{BF99DCB8-4127-4403-82C9-72190C6ABF5F}.Debug.Build.0 = Debug|Win32
		{BF99DCB8-4127-4403-82C9-72190C6ABF5F}.FZDebug.ActiveCfg = FZDebug|Win32
		{BF99DCB8-4127-4403-82C9-72190C6ABF5F}.FZDebug.Build.0 = FZDebug|Win32
		{BF99DCB8-4127-4403-82C9-72190C6ABF5F}.FZRetail.ActiveCfg = FZRetail|Win32
		{BF99DCB8-4127-4403-82C9-72190C6ABF5F}.FZRetail.Build.0 = FZRetail|Win32
		{BF99DCB8-4127-4403-82C9-72190C6ABF5F}.Retail.ActiveCfg = Retail|Win32
		{BF99DCB8-4127-4403-82C9-72190C6ABF5F}.Retail.Build.0 = Retail|Win32
		{557CA42C-AA39-4C44-A998-0452F8C55851}.Debug.ActiveCfg = Debug|Win32
		{557CA42C-AA39-4C44-A998-0452F8C55851}.Debug.Build.0 = Debug|Win32
		{557CA42C-AA39-4C44-A998-0452F8C55851}.FZDebug.ActiveCfg = FZDebug|Win32
		{557CA42C-AA39-4C44-A998-0452F8C55851}.FZDebug.Build.0 = FZDebug|Win32
		{557CA42C-AA39-4C44-A998-0452F8C55851}.FZRetail.ActiveCfg = FZRetail|Win32
		{557CA42C-AA39-4C44-A998-0452F8C55851}.FZRetail.Build.0 = FZRetail|Win32
		{557CA42C-AA39-4C44-A998-0452F8C55851}.Retail.ActiveCfg = Retail|Win32
		{557CA42C-AA39-4C44-A998-0452F8C55851}.Retail.Build.0 = Retail|Win32
		{1CBF6569-F71C-422A-81DD-8D30A736DB21}.Debug.ActiveCfg = Debug|Win32
		{1CBF6569-F71C-422A-81DD-8D30A736DB21}.Debug.Build.0 = Debug|Win32
		{1CBF6569-F71C-422A-81DD-8D30A736DB21}.FZDebug.ActiveCfg = FZDebug|Win32
		{1CBF6569-F71C-422A-81DD-8D30A736DB21}.FZDebug.Build.0 = FZDebug|Win32
		{1CBF6569-F71C-422A-81DD-8D30A736DB21}.FZRetail.ActiveCfg = FZRetail|Win32
		{1CBF6569-F71C-422A-81DD-8D30A736DB21}.FZRetail.Build.0 = FZRetail|Win32
		{1CBF6569-F71C-422A-81DD-8D30A736DB21}.Retail.ActiveCfg = Retail|Win32
		{1CBF6569-F71C-422A-81DD-8D30A736DB21}.Retail.Build.0 = Retail|Win32
		{3702DB5A-C966-4133-824F-5958F4BF9BCF}.Debug.ActiveCfg = Debug|Win32
		{3702DB5A-C966-4133-824F-5958F4BF9BCF}.Debug.Build.0 = Debug|Win32
		{3702DB5A-C966-4133-824F-5958F4BF9BCF}.FZDebug.ActiveCfg = FZDebug|Win32
		{3702DB5A-C966-4133-824F-5958F4BF9BCF}.FZDebug.Build.0 = FZDebug|Win32
		{3702DB5A-C966-4133-824F-5958F4BF9BCF}.FZRetail.ActiveCfg = FZRetail|Win32
		{3702DB5A-C966-4133-824F-5958F4BF9BCF}.FZRetail.Build.0 = FZRetail|Win32
		{3702DB5A-C966-4133-824F-5958F4BF9BCF}.Retail.ActiveCfg = Retail|Win32
		{3702DB5A-C966-4133-824F-5958F4BF9BCF}.Retail.Build.0 = Retail|Win32
		{05EAD557-56B0-4070-83F0-8A2B6FB9C54D}.Debug.ActiveCfg = Debug|Win32
		{05EAD557-56B0-4070-83F0-8A2B6FB9C54D}.Debug.Build.0 = Debug|Win32
		{05EAD557-56B0-4070-83F0-8A2B6FB9C54D}.FZDebug.ActiveCfg = FZDebug|Win32
		{05EAD557-56B0-4070-83F0-8A2B6FB9C54D}.FZDebug.Build.0 = FZDebug|Win32
		{05EAD557-56B0-4070-83F0-8A2B6FB9C54D}.FZRetail.ActiveCfg = FZRetail|Win32
		{05EAD557-56B0-4070-83F0-8A2B6FB9C54D}.FZRetail.Build.0 = FZRetail|Win32
		{05EAD557-56B0-4070-83F0-8A2B6FB9C54D}.Retail.ActiveCfg = Retail|Win32
		{05EAD557-56B0-4070-83F0-8A2B6FB9C54D}.Retail.Build.0 = Retail|Win32
		{181139DC-F4E7-446B-B8DD-C195691B34CA}.Debug.ActiveCfg = Debug|Win32
		{181139DC-F4E7-446B-B8DD-C195691B34CA}.Debug.Build.0 = Debug|Win32
		{181139DC-F4E7-446B-B8DD-C195691B34CA}.FZDebug.ActiveCfg = FZDebug|Win32
		{181139DC-F4E7-446B-B8DD-C195691B34CA}.FZDebug.Build.0 = FZDebug|Win32
		{181139DC-F4E7-446B-B8DD-C195691B34CA}.FZRetail.ActiveCfg = FZRetail|Win32
		{181139DC-F4E7-446B-B8DD-C195691B34CA}.FZRetail.Build.0 = FZRetail|Win32
		{181139DC-F4E7-446B-B8DD-C195691B34CA}.Retail.ActiveCfg = Retail|Win32
		{181139DC-F4E7-446B-B8DD-C195691B34CA}.Retail.Build.0 = Retail|Win32
		{D0771872-F515-47A2-87D4-7068F41D65B1}.Debug.ActiveCfg = Debug|Win32
		{D0771872-F515-47A2-87D4-7068F41D65B1}.Debug.Build.0 = Debug|Win32
		{D0771872-F515-47A2-87D4-7068F41D65B1}.FZDebug.ActiveCfg = Debug|Win32
		{D0771872-F515-47A2-87D4-7068F41D65B1}.FZRetail.ActiveCfg = Retail|Win32
		{D0771872-F515-47A2-87D4-7068F41D65B1}.Retail.ActiveCfg = Retail|Win32
		{D0771872-F515-47A2-87D4-7068F41D65B1}.Retail.Build.0 = Retail|Win32
		{3A317555-E8A3-494D-BF0D-CE93E40C920B}.Debug.ActiveCfg = Debug|Win32
		{3A317555-E8A3-494D-BF0D-CE93E40C920B}.Debug.Build.0 = Debug|Win32
		{3A317555-E8A3-494D-BF0D-CE93E40C920B}.FZDebug.ActiveCfg = Debug|Win32
		{3A317555-E8A3-494D-BF0D-CE93E40C920B}.FZRetail.ActiveCfg = Retail|Win32
		{3A317555-E8A3-494D-BF0D-CE93E40C920B}.FZRetail.Build.0 = Retail|Win32
		{3A317555-E8A3-494D-BF0D-CE93E40C920B}.Retail.ActiveCfg = Retail|Win32
		{3A317555-E8A3-494D-BF0D-CE93E40C920B}.Retail.Build.0 = Retail|Win32
		{A8E7888A-84AC-485E-9FB2-35382C003E0B}.Debug.ActiveCfg = Debug|Win32
		{A8E7888A-84AC-485E-9FB2-35382C003E0B}.Debug.Build.0 = Debug|Win32
		{A8E7888A-84AC-485E-9FB2-35382C003E0B}.FZDebug.ActiveCfg = FZDebug|Win32
		{A8E7888A-84AC-485E-9FB2-35382C003E0B}.FZDebug.Build.0 = FZDebug|Win32
		{A8E7888A-84AC-485E-9FB2-35382C003E0B}.FZRetail.ActiveCfg = FZRetail|Win32
		{A8E7888A-84AC-485E-9FB2-35382C003E0B}.FZRetail.Build.0 = FZRetail|Win32
		{A8E7888A-84AC-485E-9FB2-35382C003E0B}.Retail.ActiveCfg = Retail|Win32
		{A8E7888A-84AC-485E-9FB2-35382C003E0B}.Retail.Build.0 = Retail|Win32
		{1695996C-F698-4509-BF5C-ADE10ADA67F9}.Debug.ActiveCfg = Debug|Win32
		{1695996C-F698-4509-BF5C-ADE10ADA67F9}.Debug.Build.0 = Debug|Win32
		{1695996C-F698-4509-BF5C-ADE10ADA67F9}.FZDebug.ActiveCfg = FZDebug|Win32
		{1695996C-F698-4509-BF5C-ADE10ADA67F9}.FZDebug.Build.0 = FZDebug|Win32
		{1695996C-F698-4509-BF5C-ADE10ADA67F9}.FZRetail.ActiveCfg = FZRetail|Win32
		{1695996C-F698-4509-BF5C-ADE10ADA67F9}.FZRetail.Build.0 = FZRetail|Win32
		{1695996C-F698-4509-BF5C-ADE10ADA67F9}.Retail.ActiveCfg = Retail|Win32
		{1695996C-F698-4509-BF5C-ADE10ADA67F9}.Retail.Build.0 = Retail|Win32
		{F150276A-D7D8-4C24-AA41-170A6F3D4CF9}.Debug.ActiveCfg = Debug|Win32
		{F150276A-D7D8-4C24-AA41-170A6F3D4CF9}.Debug.Build.0 = Debug|Win32
		{F150276A-D7D8-4C24-AA41-170A6F3D4CF9}.FZDebug.ActiveCfg = FZDebug|Win32
		{F150276A-D7D8-4C24-AA41-170A6F3D4CF9}.FZRetail.ActiveCfg = FZRetail|Win32
		{F150276A-D7D8-4C24-AA41-170A6F3D4CF9}.FZRetail.Build.0 = FZRetail|Win32
		{F150276A-D7D8-4C24-AA41-170A6F3D4CF9}.Retail.ActiveCfg = Retail|Win32
		{F150276A-D7D8-4C24-AA41-170A6F3D4CF9}.Retail.Build.0 = Retail|Win32
		{97B8370B-16BC-4A2F-A0FE-4BEEF2EAED42}.Debug.ActiveCfg = Debug|Win32
		{97B8370B-16BC-4A2F-A0FE-4BEEF2EAED42}.Debug.Build.0 = Debug|Win32
		{97B8370B-16BC-4A2F-A0FE-4BEEF2EAED42}.FZDebug.ActiveCfg = FZDebug|Win32
		{97B8370B-16BC-4A2F-A0FE-4BEEF2EAED42}.FZDebug.Build.0 = FZDebug|Win32
		{97B8370B-16BC-4A2F-A0FE-4BEEF2EAED42}.FZRetail.ActiveCfg = FZRetail|Win32
		{97B8370B-16BC-4A2F-A0FE-4BEEF2EAED42}.FZRetail.Build.0 = FZRetail|Win32
		{97B8370B-16BC-4A2F-A0FE-4BEEF2EAED42}.Retail.ActiveCfg = Retail|Win32
		{97B8370B-16BC-4A2F-A0FE-4BEEF2EAED42}.Retail.Build.0 = Retail|Win32
		{7260A2F7-7D40-4D00-9C3A-846939CF16CD}.Debug.ActiveCfg = Debug|Win32
		{7260A2F7-7D40-4D00-9C3A-846939CF16CD}.Debug.Build.0 = Debug|Win32
		{7260A2F7-7D40-4D00-9C3A-846939CF16CD}.FZDebug.ActiveCfg = FZDebug|Win32
		{7260A2F7-7D40-4D00-9C3A-846939CF16CD}.FZDebug.Build.0 = FZDebug|Win32
		{7260A2F7-7D40-4D00-9C3A-846939CF16CD}.FZRetail.ActiveCfg = FZRetail|Win32
		{7260A2F7-7D40-4D00-9C3A-846939CF16CD}.FZRetail.Build.0 = FZRetail|Win32
		{7260A2F7-7D40-4D00-9C3A-846939CF16CD}.Retail.ActiveCfg = Retail|Win32
		{7260A2F7-7D40-4D00-9C3A-846939CF16CD}.Retail.Build.0 = Retail|Win32
		{CAFFB3DB-EADD-46A1-ABAE-3A341011B0A6}.Debug.ActiveCfg = Debug|Win32
		{CAFFB3DB-EADD-46A1-ABAE-3A341011B0A6}.Debug.Build.0 = Debug|Win32
		{CAFFB3DB-EADD-46A1-ABAE-3A341011B0A6}.FZDebug.ActiveCfg = FZDebug|Win32
		{CAFFB3DB-EADD-46A1-ABAE-3A341011B0A6}.FZDebug.Build.0 = FZDebug|Win32
		{CAFFB3DB-EADD-46A1-ABAE-3A341011B0A6}.FZRetail.ActiveCfg = FZRetail|Win32
		{CAFFB3DB-EADD-46A1-ABAE-3A341011B0A6}.FZRetail.Build.0 = FZRetail|Win32
		{CAFFB3DB-EADD-46A1-ABAE-3A341011B0A6}.Retail.ActiveCfg = Retail|Win32
		{CAFFB3DB-EADD-46A1-ABAE-3A341011B0A6}.Retail.Build.0 = Retail|Win32
		{281F3AC6-FAD1-40F4-B798-F634A6162D39}.Debug.ActiveCfg = Debug|Win32
		{281F3AC6-FAD1-40F4-B798-F634A6162D39}.Debug.Build.0 = Debug|Win32
		{281F3AC6-FAD1-40F4-B798-F634A6162D39}.FZDebug.ActiveCfg = FZDebug|Win32
		{281F3AC6-FAD1-40F4-B798-F634A6162D39}.FZDebug.Build.0 = FZDebug|Win32
		{281F3AC6-FAD1-40F4-B798-F634A6162D39}.FZRetail.ActiveCfg = FZRetail|Win32
		{281F3AC6-FAD1-40F4-B798-F634A6162D39}.FZRetail.Build.0 = FZRetail|Win32
		{281F3AC6-FAD1-40F4-B798-F634A6162D39}.Retail.ActiveCfg = Retail|Win32
		{281F3AC6-FAD1-40F4-B798-F634A6162D39}.Retail.Build.0 = Retail|Win32
		{4B0BFF91-D476-4317-BA7C-B052052FBD7D}.Debug.ActiveCfg = Debug|Win32
		{4B0BFF91-D476-4317-BA7C-B052052FBD7D}.Debug.Build.0 = Debug|Win32
		{4B0BFF91-D476-4317-BA7C-B052052FBD7D}.FZDebug.ActiveCfg = FZDebug|Win32
		{4B0BFF91-D476-4317-BA7C-B052052FBD7D}.FZRetail.ActiveCfg = Retail|Win32
		{4B0BFF91-D476-4317-BA7C-B052052FBD7D}.Retail.ActiveCfg = Retail|Win32
		{4B0BFF91-D476-4317-BA7C-B052052FBD7D}.Retail.Build.0 = Retail|Win32
		{DD1BF020-06E6-4065-A510-8E22232315F1}.Debug.ActiveCfg = Debug|Win32
		{DD1BF020-06E6-4065-A510-8E22232315F1}.Debug.Build.0 = Debug|Win32
		{DD1BF020-06E6-4065-A510-8E22232315F1}.FZDebug.ActiveCfg = Debug|Win32
		{DD1BF020-06E6-4065-A510-8E22232315F1}.FZRetail.ActiveCfg = Retail|Win32
		{DD1BF020-06E6-4065-A510-8E22232315F1}.FZRetail.Build.0 = Retail|Win32
		{DD1BF020-06E6-4065-A510-8E22232315F1}.Retail.ActiveCfg = Retail|Win32
		{DD1BF020-06E6-4065-A510-8E22232315F1}.Retail.Build.0 = Retail|Win32
		{49A1CD20-A468-4A3B-968C-F943994DFD39}.Debug.ActiveCfg = Debug|Win32
		{49A1CD20-A468-4A3B-968C-F943994DFD39}.Debug.Build.0 = Debug|Win32
		{49A1CD20-A468-4A3B-968C-F943994DFD39}.FZDebug.ActiveCfg = Debug|Win32
		{49A1CD20-A468-4A3B-968C-F943994DFD39}.FZRetail.ActiveCfg = Retail|Win32
		{49A1CD20-A468-4A3B-968C-F943994DFD39}.FZRetail.Build.0 = Retail|Win32
		{49A1CD20-A468-4A3B-968C-F943994DFD39}.Retail.ActiveCfg = Retail|Win32
		{49A1CD20-A468-4A3B-968C-F943994DFD39}.Retail.Build.0 = Retail|Win32
	EndGlobalSection
	GlobalSection(SolutionItems) = postSolution
		Makefile = Makefile
		Inc\SlmVer.h = Inc\SlmVer.h
		VSNet.Readme = VSNet.Readme
	EndGlobalSection
	GlobalSection(ExtensibilityGlobals) = postSolution
	EndGlobalSection
	GlobalSection(ExtensibilityAddIns) = postSolution
	EndGlobalSection
EndGlobal
